// !$*UTF8*$!
{
	archiveVersion = 1;
	classes = {
	};
	objectVersion = 55;
	objects = {

/* Begin PBXBuildFile section */
		61B8226AD1A5E31289CDC80F /* Pods_numbermarch.framework in Frameworks */ = {isa = PBXBuildFile; fileRef = 2A063E9AFDCB964CA2E1C565 /* Pods_numbermarch.framework */; };
		B2CDE721EBF74F5E4E3AF1A5 /* Pods_numbermarchTests.framework in Frameworks */ = {isa = PBXBuildFile; fileRef = 1A2C42631744F48BE4B14668 /* Pods_numbermarchTests.framework */; };
		D8014F962857B3100024DD99 /* ExpressionBuilderTests.swift in Sources */ = {isa = PBXBuildFile; fileRef = D8014F952857B3100024DD99 /* ExpressionBuilderTests.swift */; };
		D804A073285721770080632F /* Podfile in Resources */ = {isa = PBXBuildFile; fileRef = D804A072285721770080632F /* Podfile */; };
		D824E40B28416CD900C144F1 /* README.md in Resources */ = {isa = PBXBuildFile; fileRef = D824E40A28416CD900C144F1 /* README.md */; };
		D824E4172841D02B00C144F1 /* CalculatorView.swift in Sources */ = {isa = PBXBuildFile; fileRef = D824E4112841D02B00C144F1 /* CalculatorView.swift */; };
		D82F3E2A2830783500436EDF /* UIColor.swift in Sources */ = {isa = PBXBuildFile; fileRef = D82F3E292830783500436EDF /* UIColor.swift */; };
		D82F3E2C28307AED00436EDF /* WarFactory.swift in Sources */ = {isa = PBXBuildFile; fileRef = D82F3E2B28307AED00436EDF /* WarFactory.swift */; };
		D82F3E2E28307B7E00436EDF /* WarService.swift in Sources */ = {isa = PBXBuildFile; fileRef = D82F3E2D28307B7E00436EDF /* WarService.swift */; };
		D82F3E3628317E0B00436EDF /* SKNode.swift in Sources */ = {isa = PBXBuildFile; fileRef = D82F3E3528317E0B00436EDF /* SKNode.swift */; };
		D82F3E3A2832343B00436EDF /* CGPoint.swift in Sources */ = {isa = PBXBuildFile; fileRef = D82F3E392832343B00436EDF /* CGPoint.swift */; };
		D8338DF32844C9E7000007C6 /* CalculatorScene.swift in Sources */ = {isa = PBXBuildFile; fileRef = D8338DF22844C9E7000007C6 /* CalculatorScene.swift */; };
		D8338DF72846AF9B000007C6 /* CGRect.swift in Sources */ = {isa = PBXBuildFile; fileRef = D8338DF62846AF9B000007C6 /* CGRect.swift */; };
		D8338DF92846B34E000007C6 /* CGSize.swift in Sources */ = {isa = PBXBuildFile; fileRef = D8338DF82846B34E000007C6 /* CGSize.swift */; };
		D8338DFD2849D563000007C6 /* SKNodeTests.swift in Sources */ = {isa = PBXBuildFile; fileRef = D8338DFC2849D563000007C6 /* SKNodeTests.swift */; };
		D84F148A2841FE7E00886521 /* SpaceInvaders.swift in Sources */ = {isa = PBXBuildFile; fileRef = D84F14892841FE7E00886521 /* SpaceInvaders.swift */; };
		D84F148C2841FE8900886521 /* GamesProtocol.swift in Sources */ = {isa = PBXBuildFile; fileRef = D84F148B2841FE8900886521 /* GamesProtocol.swift */; };
		D84F14902842209500886521 /* ScreenTests.swift in Sources */ = {isa = PBXBuildFile; fileRef = D84F148F2842209500886521 /* ScreenTests.swift */; };
		D860383B282F403500781EA5 /* AppDelegate.swift in Sources */ = {isa = PBXBuildFile; fileRef = D860383A282F403500781EA5 /* AppDelegate.swift */; };
		D8603844282F403600781EA5 /* Assets.xcassets in Resources */ = {isa = PBXBuildFile; fileRef = D8603843282F403600781EA5 /* Assets.xcassets */; };
		D8603852282F403600781EA5 /* BattleTests.swift in Sources */ = {isa = PBXBuildFile; fileRef = D8603851282F403600781EA5 /* BattleTests.swift */; };
		D8603872282F4B3A00781EA5 /* Battle.swift in Sources */ = {isa = PBXBuildFile; fileRef = D8603871282F4B3A00781EA5 /* Battle.swift */; };
		D8603874282F4B4F00781EA5 /* Enemy.swift in Sources */ = {isa = PBXBuildFile; fileRef = D8603873282F4B4F00781EA5 /* Enemy.swift */; };
		D8603876282F4C4900781EA5 /* BattleDelegate.swift in Sources */ = {isa = PBXBuildFile; fileRef = D8603875282F4C4900781EA5 /* BattleDelegate.swift */; };
		D86A48C8283840AD00C3BE8D /* DigitalCharacterNode.swift in Sources */ = {isa = PBXBuildFile; fileRef = D86A48C7283840AD00C3BE8D /* DigitalCharacterNode.swift */; };
		D86B8C13285726B3005045B1 /* MainDisplayData.swift in Sources */ = {isa = PBXBuildFile; fileRef = D86B8C0C285726B3005045B1 /* MainDisplayData.swift */; };
		D86B8C14285726B3005045B1 /* MainPresenter.swift in Sources */ = {isa = PBXBuildFile; fileRef = D86B8C0D285726B3005045B1 /* MainPresenter.swift */; };
		D86B8C15285726B3005045B1 /* MainRouter.swift in Sources */ = {isa = PBXBuildFile; fileRef = D86B8C0E285726B3005045B1 /* MainRouter.swift */; };
		D86B8C16285726B3005045B1 /* MainModuleApi.swift in Sources */ = {isa = PBXBuildFile; fileRef = D86B8C0F285726B3005045B1 /* MainModuleApi.swift */; };
		D86B8C17285726B3005045B1 /* MainInteractor.swift in Sources */ = {isa = PBXBuildFile; fileRef = D86B8C10285726B3005045B1 /* MainInteractor.swift */; };
		D86B8C18285726B3005045B1 /* MainView.swift in Sources */ = {isa = PBXBuildFile; fileRef = D86B8C11285726B3005045B1 /* MainView.swift */; };
		D86B8C1A28573B3C005045B1 /* Decimal.swift in Sources */ = {isa = PBXBuildFile; fileRef = D86B8C1928573B3C005045B1 /* Decimal.swift */; };
		D86B8C1C2857AB83005045B1 /* ExpressionBuilder.swift in Sources */ = {isa = PBXBuildFile; fileRef = D86B8C1B2857AB83005045B1 /* ExpressionBuilder.swift */; };
		D86D00B128303E3D00113F26 /* AppModules.swift in Sources */ = {isa = PBXBuildFile; fileRef = D86D00B028303E3D00113F26 /* AppModules.swift */; };
		D86D00B328306ECC00113F26 /* LaunchScreen.storyboard in Resources */ = {isa = PBXBuildFile; fileRef = D86D00B228306ECC00113F26 /* LaunchScreen.storyboard */; };
		D878A8912841D5D1001CD2F9 /* ScreenProtocol.swift in Sources */ = {isa = PBXBuildFile; fileRef = D878A8902841D5D1001CD2F9 /* ScreenProtocol.swift */; };
		D878A8932841D83F001CD2F9 /* KeyboardDelegate.swift in Sources */ = {isa = PBXBuildFile; fileRef = D878A8922841D83F001CD2F9 /* KeyboardDelegate.swift */; };
		D878A8962841DA6C001CD2F9 /* ScreenNode.swift in Sources */ = {isa = PBXBuildFile; fileRef = D878A8952841DA6C001CD2F9 /* ScreenNode.swift */; };
		D878A89B28446934001CD2F9 /* CalculatorKeyEnum.swift in Sources */ = {isa = PBXBuildFile; fileRef = D878A89A28446934001CD2F9 /* CalculatorKeyEnum.swift */; };
		D878A89D284AE6B9001CD2F9 /* CalculatorDimensions.swift in Sources */ = {isa = PBXBuildFile; fileRef = D878A89C284AE6B9001CD2F9 /* CalculatorDimensions.swift */; };
		D87ED4CD2832D8DE00BA6DF4 /* String.swift in Sources */ = {isa = PBXBuildFile; fileRef = D87ED4CC2832D8DE00BA6DF4 /* String.swift */; };
		D87ED4CF2832DCE800BA6DF4 /* DigitalInvadersRulesProtocol.swift in Sources */ = {isa = PBXBuildFile; fileRef = D87ED4CE2832DCE800BA6DF4 /* DigitalInvadersRulesProtocol.swift */; };
		D87ED4D32832E37E00BA6DF4 /* War.swift in Sources */ = {isa = PBXBuildFile; fileRef = D87ED4D22832E37E00BA6DF4 /* War.swift */; };
		D87ED4D528337AF500BA6DF4 /* WarTests.swift in Sources */ = {isa = PBXBuildFile; fileRef = D87ED4D428337AF500BA6DF4 /* WarTests.swift */; };
		D87ED4D828349FED00BA6DF4 /* DigitalInvadersClassicRules.swift in Sources */ = {isa = PBXBuildFile; fileRef = D87ED4D728349FED00BA6DF4 /* DigitalInvadersClassicRules.swift */; };
		D882F74628557A3800F288D6 /* MusicEngine.swift in Sources */ = {isa = PBXBuildFile; fileRef = D882F74528557A3800F288D6 /* MusicEngine.swift */; };
		D882F7482855867D00F288D6 /* NumberEngine.swift in Sources */ = {isa = PBXBuildFile; fileRef = D882F7472855867D00F288D6 /* NumberEngine.swift */; };
		D882F74C28558C3600F288D6 /* NumberEngineDelegate.swift in Sources */ = {isa = PBXBuildFile; fileRef = D882F74B28558C3600F288D6 /* NumberEngineDelegate.swift */; };
		D882F74E2855975C00F288D6 /* DigitalCharacter.swift in Sources */ = {isa = PBXBuildFile; fileRef = D882F74D2855975C00F288D6 /* DigitalCharacter.swift */; };
		D8C1ED9128597C79003A1092 /* EightMissileTypeEnum.swift in Sources */ = {isa = PBXBuildFile; fileRef = D8C1ED9028597C79003A1092 /* EightMissileTypeEnum.swift */; };
		D8C1ED9328597CDE003A1092 /* EightMissile.swift in Sources */ = {isa = PBXBuildFile; fileRef = D8C1ED9228597CDE003A1092 /* EightMissile.swift */; };
		D8C1ED952859AEBA003A1092 /* EightBattleTests.swift in Sources */ = {isa = PBXBuildFile; fileRef = D8C1ED942859AEBA003A1092 /* EightBattleTests.swift */; };
		D8C1ED97285AD549003A1092 /* Int.swift in Sources */ = {isa = PBXBuildFile; fileRef = D8C1ED96285AD549003A1092 /* Int.swift */; };
		D8C1ED99285AE139003A1092 /* IntExtensionTests.swift in Sources */ = {isa = PBXBuildFile; fileRef = D8C1ED98285AE139003A1092 /* IntExtensionTests.swift */; };
		D8C1ED9B285C2786003A1092 /* SKSpriteNode.swift in Sources */ = {isa = PBXBuildFile; fileRef = D8C1ED9A285C2786003A1092 /* SKSpriteNode.swift */; };
		D8C1ED9E285DA93F003A1092 /* EightAttackRules.swift in Sources */ = {isa = PBXBuildFile; fileRef = D8C1ED9D285DA93F003A1092 /* EightAttackRules.swift */; };
		D8C1EDA0285DB6A7003A1092 /* ClassicEightAttackRules.swift in Sources */ = {isa = PBXBuildFile; fileRef = D8C1ED9F285DB6A7003A1092 /* ClassicEightAttackRules.swift */; };
		D8C1EDA2285EBBB7003A1092 /* CalculatorSkin.swift in Sources */ = {isa = PBXBuildFile; fileRef = D8C1EDA1285EBBB7003A1092 /* CalculatorSkin.swift */; };
		D8C1EDA6285F0ECF003A1092 /* MG880Skin.swift in Sources */ = {isa = PBXBuildFile; fileRef = D8C1EDA5285F0ECF003A1092 /* MG880Skin.swift */; };
		D8C1EDA8285F12E3003A1092 /* MG775Skin.swift in Sources */ = {isa = PBXBuildFile; fileRef = D8C1EDA7285F12E3003A1092 /* MG775Skin.swift */; };
		D8C1EDAA285F1747003A1092 /* MG885Skin.swift in Sources */ = {isa = PBXBuildFile; fileRef = D8C1EDA9285F1747003A1092 /* MG885Skin.swift */; };
		D8C1EDAC28602219003A1092 /* NumberEngineTests.swift in Sources */ = {isa = PBXBuildFile; fileRef = D8C1EDAB28602218003A1092 /* NumberEngineTests.swift */; };
		D8C1EDB4286028D0003A1092 /* ListDisplayData.swift in Sources */ = {isa = PBXBuildFile; fileRef = D8C1EDAE286028CF003A1092 /* ListDisplayData.swift */; };
		D8C1EDB5286028D0003A1092 /* ListPresenter.swift in Sources */ = {isa = PBXBuildFile; fileRef = D8C1EDAF286028CF003A1092 /* ListPresenter.swift */; };
		D8C1EDB6286028D0003A1092 /* ListRouter.swift in Sources */ = {isa = PBXBuildFile; fileRef = D8C1EDB0286028CF003A1092 /* ListRouter.swift */; };
		D8C1EDB7286028D0003A1092 /* ListModuleApi.swift in Sources */ = {isa = PBXBuildFile; fileRef = D8C1EDB1286028CF003A1092 /* ListModuleApi.swift */; };
		D8C1EDB8286028D0003A1092 /* ListInteractor.swift in Sources */ = {isa = PBXBuildFile; fileRef = D8C1EDB2286028CF003A1092 /* ListInteractor.swift */; };
		D8C1EDB9286028D0003A1092 /* ListView.swift in Sources */ = {isa = PBXBuildFile; fileRef = D8C1EDB3286028CF003A1092 /* ListView.swift */; };
		D8E721AF28587AE50023B2BF /* EightAttack.swift in Sources */ = {isa = PBXBuildFile; fileRef = D8E721AE28587AE50023B2BF /* EightAttack.swift */; };
		D8E721B128587E580023B2BF /* EightBattle.swift in Sources */ = {isa = PBXBuildFile; fileRef = D8E721B028587E580023B2BF /* EightBattle.swift */; };
		D8E721B3285881070023B2BF /* EightBattleDelegate.swift in Sources */ = {isa = PBXBuildFile; fileRef = D8E721B2285881070023B2BF /* EightBattleDelegate.swift */; };
		D8E721B5285881210023B2BF /* EightEnemy.swift in Sources */ = {isa = PBXBuildFile; fileRef = D8E721B4285881210023B2BF /* EightEnemy.swift */; };
		D8E721B72858830D0023B2BF /* EightBomb.swift in Sources */ = {isa = PBXBuildFile; fileRef = D8E721B62858830D0023B2BF /* EightBomb.swift */; };
		D8E94F45284C0F3300AC87C2 /* CalculatorDimensionsTests.swift in Sources */ = {isa = PBXBuildFile; fileRef = D8E94F44284C0F3300AC87C2 /* CalculatorDimensionsTests.swift */; };
		D8E94F48284DF06F00AC87C2 /* ScoreService.swift in Sources */ = {isa = PBXBuildFile; fileRef = D8E94F47284DF06F00AC87C2 /* ScoreService.swift */; };
		D8F39B53284ED23500FA57C7 /* WarDelegate.swift in Sources */ = {isa = PBXBuildFile; fileRef = D8F39B52284ED23500FA57C7 /* WarDelegate.swift */; };
		D8F39B55284FF5AF00FA57C7 /* CalculatorEngine.swift in Sources */ = {isa = PBXBuildFile; fileRef = D8F39B54284FF5AF00FA57C7 /* CalculatorEngine.swift */; };
		D8F39B572851A17900FA57C7 /* DigitalDecimalPlaceNode.swift in Sources */ = {isa = PBXBuildFile; fileRef = D8F39B562851A17900FA57C7 /* DigitalDecimalPlaceNode.swift */; };
/* End PBXBuildFile section */

/* Begin PBXContainerItemProxy section */
		D860384E282F403600781EA5 /* PBXContainerItemProxy */ = {
			isa = PBXContainerItemProxy;
			containerPortal = D860382F282F403500781EA5 /* Project object */;
			proxyType = 1;
			remoteGlobalIDString = D8603836282F403500781EA5;
			remoteInfo = numbermarch;
		};
/* End PBXContainerItemProxy section */

/* Begin PBXFileReference section */
		1A2C42631744F48BE4B14668 /* Pods_numbermarchTests.framework */ = {isa = PBXFileReference; explicitFileType = wrapper.framework; includeInIndex = 0; path = Pods_numbermarchTests.framework; sourceTree = BUILT_PRODUCTS_DIR; };
		2A063E9AFDCB964CA2E1C565 /* Pods_numbermarch.framework */ = {isa = PBXFileReference; explicitFileType = wrapper.framework; includeInIndex = 0; path = Pods_numbermarch.framework; sourceTree = BUILT_PRODUCTS_DIR; };
		30EABCA65DBD330E93947089 /* Pods-numbermarch.release.xcconfig */ = {isa = PBXFileReference; includeInIndex = 1; lastKnownFileType = text.xcconfig; name = "Pods-numbermarch.release.xcconfig"; path = "Target Support Files/Pods-numbermarch/Pods-numbermarch.release.xcconfig"; sourceTree = "<group>"; };
		399578A6CE7D0A49CAE7E200 /* Pods-numbermarchTests.release.xcconfig */ = {isa = PBXFileReference; includeInIndex = 1; lastKnownFileType = text.xcconfig; name = "Pods-numbermarchTests.release.xcconfig"; path = "Target Support Files/Pods-numbermarchTests/Pods-numbermarchTests.release.xcconfig"; sourceTree = "<group>"; };
		985A1B3ADE8B4972664EF2B2 /* Pods-numbermarch.debug.xcconfig */ = {isa = PBXFileReference; includeInIndex = 1; lastKnownFileType = text.xcconfig; name = "Pods-numbermarch.debug.xcconfig"; path = "Target Support Files/Pods-numbermarch/Pods-numbermarch.debug.xcconfig"; sourceTree = "<group>"; };
		C5646766D70F4DADBAF62FEB /* Pods-numbermarchTests.debug.xcconfig */ = {isa = PBXFileReference; includeInIndex = 1; lastKnownFileType = text.xcconfig; name = "Pods-numbermarchTests.debug.xcconfig"; path = "Target Support Files/Pods-numbermarchTests/Pods-numbermarchTests.debug.xcconfig"; sourceTree = "<group>"; };
		D8014F952857B3100024DD99 /* ExpressionBuilderTests.swift */ = {isa = PBXFileReference; lastKnownFileType = sourcecode.swift; path = ExpressionBuilderTests.swift; sourceTree = "<group>"; };
		D804A072285721770080632F /* Podfile */ = {isa = PBXFileReference; fileEncoding = 4; lastKnownFileType = text; path = Podfile; sourceTree = "<group>"; xcLanguageSpecificationIdentifier = xcode.lang.ruby; };
		D824E40A28416CD900C144F1 /* README.md */ = {isa = PBXFileReference; fileEncoding = 4; lastKnownFileType = net.daringfireball.markdown; path = README.md; sourceTree = "<group>"; };
		D824E4112841D02B00C144F1 /* CalculatorView.swift */ = {isa = PBXFileReference; lastKnownFileType = sourcecode.swift; path = CalculatorView.swift; sourceTree = "<group>"; };
		D82F3E292830783500436EDF /* UIColor.swift */ = {isa = PBXFileReference; lastKnownFileType = sourcecode.swift; path = UIColor.swift; sourceTree = "<group>"; };
		D82F3E2B28307AED00436EDF /* WarFactory.swift */ = {isa = PBXFileReference; lastKnownFileType = sourcecode.swift; path = WarFactory.swift; sourceTree = "<group>"; };
		D82F3E2D28307B7E00436EDF /* WarService.swift */ = {isa = PBXFileReference; lastKnownFileType = sourcecode.swift; path = WarService.swift; sourceTree = "<group>"; };
		D82F3E3528317E0B00436EDF /* SKNode.swift */ = {isa = PBXFileReference; lastKnownFileType = sourcecode.swift; path = SKNode.swift; sourceTree = "<group>"; };
		D82F3E392832343B00436EDF /* CGPoint.swift */ = {isa = PBXFileReference; lastKnownFileType = sourcecode.swift; path = CGPoint.swift; sourceTree = "<group>"; };
		D8338DF22844C9E7000007C6 /* CalculatorScene.swift */ = {isa = PBXFileReference; lastKnownFileType = sourcecode.swift; path = CalculatorScene.swift; sourceTree = "<group>"; };
		D8338DF62846AF9B000007C6 /* CGRect.swift */ = {isa = PBXFileReference; lastKnownFileType = sourcecode.swift; path = CGRect.swift; sourceTree = "<group>"; };
		D8338DF82846B34E000007C6 /* CGSize.swift */ = {isa = PBXFileReference; lastKnownFileType = sourcecode.swift; path = CGSize.swift; sourceTree = "<group>"; };
		D8338DFC2849D563000007C6 /* SKNodeTests.swift */ = {isa = PBXFileReference; lastKnownFileType = sourcecode.swift; path = SKNodeTests.swift; sourceTree = "<group>"; };
		D84F14892841FE7E00886521 /* SpaceInvaders.swift */ = {isa = PBXFileReference; lastKnownFileType = sourcecode.swift; path = SpaceInvaders.swift; sourceTree = "<group>"; };
		D84F148B2841FE8900886521 /* GamesProtocol.swift */ = {isa = PBXFileReference; lastKnownFileType = sourcecode.swift; path = GamesProtocol.swift; sourceTree = "<group>"; };
		D84F148F2842209500886521 /* ScreenTests.swift */ = {isa = PBXFileReference; lastKnownFileType = sourcecode.swift; path = ScreenTests.swift; sourceTree = "<group>"; };
		D8603837282F403500781EA5 /* numbermarch.app */ = {isa = PBXFileReference; explicitFileType = wrapper.application; includeInIndex = 0; path = numbermarch.app; sourceTree = BUILT_PRODUCTS_DIR; };
		D860383A282F403500781EA5 /* AppDelegate.swift */ = {isa = PBXFileReference; lastKnownFileType = sourcecode.swift; path = AppDelegate.swift; sourceTree = "<group>"; };
		D8603843282F403600781EA5 /* Assets.xcassets */ = {isa = PBXFileReference; lastKnownFileType = folder.assetcatalog; path = Assets.xcassets; sourceTree = "<group>"; };
		D8603848282F403600781EA5 /* Info.plist */ = {isa = PBXFileReference; lastKnownFileType = text.plist.xml; path = Info.plist; sourceTree = "<group>"; };
		D860384D282F403600781EA5 /* numbermarchTests.xctest */ = {isa = PBXFileReference; explicitFileType = wrapper.cfbundle; includeInIndex = 0; path = numbermarchTests.xctest; sourceTree = BUILT_PRODUCTS_DIR; };
		D8603851282F403600781EA5 /* BattleTests.swift */ = {isa = PBXFileReference; lastKnownFileType = sourcecode.swift; path = BattleTests.swift; sourceTree = "<group>"; };
		D860386F282F42DD00781EA5 /* numbermarch-Bridging-Header.h */ = {isa = PBXFileReference; lastKnownFileType = sourcecode.c.h; path = "numbermarch-Bridging-Header.h"; sourceTree = "<group>"; };
		D8603871282F4B3A00781EA5 /* Battle.swift */ = {isa = PBXFileReference; lastKnownFileType = sourcecode.swift; path = Battle.swift; sourceTree = "<group>"; };
		D8603873282F4B4F00781EA5 /* Enemy.swift */ = {isa = PBXFileReference; lastKnownFileType = sourcecode.swift; path = Enemy.swift; sourceTree = "<group>"; };
		D8603875282F4C4900781EA5 /* BattleDelegate.swift */ = {isa = PBXFileReference; lastKnownFileType = sourcecode.swift; path = BattleDelegate.swift; sourceTree = "<group>"; };
		D86A48C7283840AD00C3BE8D /* DigitalCharacterNode.swift */ = {isa = PBXFileReference; lastKnownFileType = sourcecode.swift; path = DigitalCharacterNode.swift; sourceTree = "<group>"; };
		D86B8C0C285726B3005045B1 /* MainDisplayData.swift */ = {isa = PBXFileReference; lastKnownFileType = sourcecode.swift; path = MainDisplayData.swift; sourceTree = "<group>"; };
		D86B8C0D285726B3005045B1 /* MainPresenter.swift */ = {isa = PBXFileReference; lastKnownFileType = sourcecode.swift; path = MainPresenter.swift; sourceTree = "<group>"; };
		D86B8C0E285726B3005045B1 /* MainRouter.swift */ = {isa = PBXFileReference; lastKnownFileType = sourcecode.swift; path = MainRouter.swift; sourceTree = "<group>"; };
		D86B8C0F285726B3005045B1 /* MainModuleApi.swift */ = {isa = PBXFileReference; lastKnownFileType = sourcecode.swift; path = MainModuleApi.swift; sourceTree = "<group>"; };
		D86B8C10285726B3005045B1 /* MainInteractor.swift */ = {isa = PBXFileReference; lastKnownFileType = sourcecode.swift; path = MainInteractor.swift; sourceTree = "<group>"; };
		D86B8C11285726B3005045B1 /* MainView.swift */ = {isa = PBXFileReference; lastKnownFileType = sourcecode.swift; path = MainView.swift; sourceTree = "<group>"; };
		D86B8C1928573B3C005045B1 /* Decimal.swift */ = {isa = PBXFileReference; lastKnownFileType = sourcecode.swift; path = Decimal.swift; sourceTree = "<group>"; };
		D86B8C1B2857AB83005045B1 /* ExpressionBuilder.swift */ = {isa = PBXFileReference; lastKnownFileType = sourcecode.swift; path = ExpressionBuilder.swift; sourceTree = "<group>"; };
		D86D00B028303E3D00113F26 /* AppModules.swift */ = {isa = PBXFileReference; lastKnownFileType = sourcecode.swift; path = AppModules.swift; sourceTree = "<group>"; };
		D86D00B228306ECC00113F26 /* LaunchScreen.storyboard */ = {isa = PBXFileReference; lastKnownFileType = file.storyboard; path = LaunchScreen.storyboard; sourceTree = "<group>"; };
		D878A8902841D5D1001CD2F9 /* ScreenProtocol.swift */ = {isa = PBXFileReference; lastKnownFileType = sourcecode.swift; path = ScreenProtocol.swift; sourceTree = "<group>"; };
		D878A8922841D83F001CD2F9 /* KeyboardDelegate.swift */ = {isa = PBXFileReference; lastKnownFileType = sourcecode.swift; path = KeyboardDelegate.swift; sourceTree = "<group>"; };
		D878A8952841DA6C001CD2F9 /* ScreenNode.swift */ = {isa = PBXFileReference; lastKnownFileType = sourcecode.swift; path = ScreenNode.swift; sourceTree = "<group>"; };
		D878A89A28446934001CD2F9 /* CalculatorKeyEnum.swift */ = {isa = PBXFileReference; lastKnownFileType = sourcecode.swift; path = CalculatorKeyEnum.swift; sourceTree = "<group>"; };
		D878A89C284AE6B9001CD2F9 /* CalculatorDimensions.swift */ = {isa = PBXFileReference; lastKnownFileType = sourcecode.swift; path = CalculatorDimensions.swift; sourceTree = "<group>"; };
		D87ED4CC2832D8DE00BA6DF4 /* String.swift */ = {isa = PBXFileReference; lastKnownFileType = sourcecode.swift; path = String.swift; sourceTree = "<group>"; };
		D87ED4CE2832DCE800BA6DF4 /* DigitalInvadersRulesProtocol.swift */ = {isa = PBXFileReference; lastKnownFileType = sourcecode.swift; path = DigitalInvadersRulesProtocol.swift; sourceTree = "<group>"; };
		D87ED4D22832E37E00BA6DF4 /* War.swift */ = {isa = PBXFileReference; lastKnownFileType = sourcecode.swift; path = War.swift; sourceTree = "<group>"; };
		D87ED4D428337AF500BA6DF4 /* WarTests.swift */ = {isa = PBXFileReference; lastKnownFileType = sourcecode.swift; path = WarTests.swift; sourceTree = "<group>"; };
		D87ED4D728349FED00BA6DF4 /* DigitalInvadersClassicRules.swift */ = {isa = PBXFileReference; lastKnownFileType = sourcecode.swift; path = DigitalInvadersClassicRules.swift; sourceTree = "<group>"; };
		D882F74528557A3800F288D6 /* MusicEngine.swift */ = {isa = PBXFileReference; lastKnownFileType = sourcecode.swift; path = MusicEngine.swift; sourceTree = "<group>"; };
		D882F7472855867D00F288D6 /* NumberEngine.swift */ = {isa = PBXFileReference; lastKnownFileType = sourcecode.swift; path = NumberEngine.swift; sourceTree = "<group>"; };
		D882F74B28558C3600F288D6 /* NumberEngineDelegate.swift */ = {isa = PBXFileReference; lastKnownFileType = sourcecode.swift; path = NumberEngineDelegate.swift; sourceTree = "<group>"; };
		D882F74D2855975C00F288D6 /* DigitalCharacter.swift */ = {isa = PBXFileReference; lastKnownFileType = sourcecode.swift; path = DigitalCharacter.swift; sourceTree = "<group>"; };
		D8C1ED9028597C79003A1092 /* EightMissileTypeEnum.swift */ = {isa = PBXFileReference; lastKnownFileType = sourcecode.swift; path = EightMissileTypeEnum.swift; sourceTree = "<group>"; };
		D8C1ED9228597CDE003A1092 /* EightMissile.swift */ = {isa = PBXFileReference; lastKnownFileType = sourcecode.swift; path = EightMissile.swift; sourceTree = "<group>"; };
		D8C1ED942859AEBA003A1092 /* EightBattleTests.swift */ = {isa = PBXFileReference; lastKnownFileType = sourcecode.swift; path = EightBattleTests.swift; sourceTree = "<group>"; };
		D8C1ED96285AD549003A1092 /* Int.swift */ = {isa = PBXFileReference; lastKnownFileType = sourcecode.swift; path = Int.swift; sourceTree = "<group>"; };
		D8C1ED98285AE139003A1092 /* IntExtensionTests.swift */ = {isa = PBXFileReference; lastKnownFileType = sourcecode.swift; path = IntExtensionTests.swift; sourceTree = "<group>"; };
		D8C1ED9A285C2786003A1092 /* SKSpriteNode.swift */ = {isa = PBXFileReference; lastKnownFileType = sourcecode.swift; path = SKSpriteNode.swift; sourceTree = "<group>"; };
		D8C1ED9D285DA93F003A1092 /* EightAttackRules.swift */ = {isa = PBXFileReference; lastKnownFileType = sourcecode.swift; path = EightAttackRules.swift; sourceTree = "<group>"; };
		D8C1ED9F285DB6A7003A1092 /* ClassicEightAttackRules.swift */ = {isa = PBXFileReference; lastKnownFileType = sourcecode.swift; path = ClassicEightAttackRules.swift; sourceTree = "<group>"; };
		D8C1EDA1285EBBB7003A1092 /* CalculatorSkin.swift */ = {isa = PBXFileReference; lastKnownFileType = sourcecode.swift; path = CalculatorSkin.swift; sourceTree = "<group>"; };
		D8C1EDA5285F0ECF003A1092 /* MG880Skin.swift */ = {isa = PBXFileReference; lastKnownFileType = sourcecode.swift; path = MG880Skin.swift; sourceTree = "<group>"; };
		D8C1EDA7285F12E3003A1092 /* MG775Skin.swift */ = {isa = PBXFileReference; lastKnownFileType = sourcecode.swift; path = MG775Skin.swift; sourceTree = "<group>"; };
		D8C1EDA9285F1747003A1092 /* MG885Skin.swift */ = {isa = PBXFileReference; lastKnownFileType = sourcecode.swift; path = MG885Skin.swift; sourceTree = "<group>"; };
		D8C1EDAB28602218003A1092 /* NumberEngineTests.swift */ = {isa = PBXFileReference; lastKnownFileType = sourcecode.swift; path = NumberEngineTests.swift; sourceTree = "<group>"; };
		D8C1EDAE286028CF003A1092 /* ListDisplayData.swift */ = {isa = PBXFileReference; lastKnownFileType = sourcecode.swift; path = ListDisplayData.swift; sourceTree = "<group>"; };
		D8C1EDAF286028CF003A1092 /* ListPresenter.swift */ = {isa = PBXFileReference; lastKnownFileType = sourcecode.swift; path = ListPresenter.swift; sourceTree = "<group>"; };
		D8C1EDB0286028CF003A1092 /* ListRouter.swift */ = {isa = PBXFileReference; lastKnownFileType = sourcecode.swift; path = ListRouter.swift; sourceTree = "<group>"; };
		D8C1EDB1286028CF003A1092 /* ListModuleApi.swift */ = {isa = PBXFileReference; lastKnownFileType = sourcecode.swift; path = ListModuleApi.swift; sourceTree = "<group>"; };
		D8C1EDB2286028CF003A1092 /* ListInteractor.swift */ = {isa = PBXFileReference; lastKnownFileType = sourcecode.swift; path = ListInteractor.swift; sourceTree = "<group>"; };
		D8C1EDB3286028CF003A1092 /* ListView.swift */ = {isa = PBXFileReference; lastKnownFileType = sourcecode.swift; path = ListView.swift; sourceTree = "<group>"; };
		D8E721AE28587AE50023B2BF /* EightAttack.swift */ = {isa = PBXFileReference; lastKnownFileType = sourcecode.swift; path = EightAttack.swift; sourceTree = "<group>"; };
		D8E721B028587E580023B2BF /* EightBattle.swift */ = {isa = PBXFileReference; lastKnownFileType = sourcecode.swift; path = EightBattle.swift; sourceTree = "<group>"; };
		D8E721B2285881070023B2BF /* EightBattleDelegate.swift */ = {isa = PBXFileReference; lastKnownFileType = sourcecode.swift; path = EightBattleDelegate.swift; sourceTree = "<group>"; };
		D8E721B4285881210023B2BF /* EightEnemy.swift */ = {isa = PBXFileReference; lastKnownFileType = sourcecode.swift; path = EightEnemy.swift; sourceTree = "<group>"; };
		D8E721B62858830D0023B2BF /* EightBomb.swift */ = {isa = PBXFileReference; lastKnownFileType = sourcecode.swift; path = EightBomb.swift; sourceTree = "<group>"; };
		D8E94F44284C0F3300AC87C2 /* CalculatorDimensionsTests.swift */ = {isa = PBXFileReference; lastKnownFileType = sourcecode.swift; path = CalculatorDimensionsTests.swift; sourceTree = "<group>"; };
		D8E94F47284DF06F00AC87C2 /* ScoreService.swift */ = {isa = PBXFileReference; lastKnownFileType = sourcecode.swift; path = ScoreService.swift; sourceTree = "<group>"; };
		D8F39B52284ED23500FA57C7 /* WarDelegate.swift */ = {isa = PBXFileReference; lastKnownFileType = sourcecode.swift; path = WarDelegate.swift; sourceTree = "<group>"; };
		D8F39B54284FF5AF00FA57C7 /* CalculatorEngine.swift */ = {isa = PBXFileReference; lastKnownFileType = sourcecode.swift; path = CalculatorEngine.swift; sourceTree = "<group>"; };
		D8F39B562851A17900FA57C7 /* DigitalDecimalPlaceNode.swift */ = {isa = PBXFileReference; lastKnownFileType = sourcecode.swift; path = DigitalDecimalPlaceNode.swift; sourceTree = "<group>"; };
/* End PBXFileReference section */

/* Begin PBXFrameworksBuildPhase section */
		D8603834282F403500781EA5 /* Frameworks */ = {
			isa = PBXFrameworksBuildPhase;
			buildActionMask = 2147483647;
			files = (
				61B8226AD1A5E31289CDC80F /* Pods_numbermarch.framework in Frameworks */,
			);
			runOnlyForDeploymentPostprocessing = 0;
		};
		D860384A282F403600781EA5 /* Frameworks */ = {
			isa = PBXFrameworksBuildPhase;
			buildActionMask = 2147483647;
			files = (
				B2CDE721EBF74F5E4E3AF1A5 /* Pods_numbermarchTests.framework in Frameworks */,
			);
			runOnlyForDeploymentPostprocessing = 0;
		};
/* End PBXFrameworksBuildPhase section */

/* Begin PBXGroup section */
		0CDB808F68AF2D0A90BB374D /* Pods */ = {
			isa = PBXGroup;
			children = (
				985A1B3ADE8B4972664EF2B2 /* Pods-numbermarch.debug.xcconfig */,
				30EABCA65DBD330E93947089 /* Pods-numbermarch.release.xcconfig */,
				C5646766D70F4DADBAF62FEB /* Pods-numbermarchTests.debug.xcconfig */,
				399578A6CE7D0A49CAE7E200 /* Pods-numbermarchTests.release.xcconfig */,
			);
			path = Pods;
			sourceTree = "<group>";
		};
		D824E4182841D03700C144F1 /* Calculator */ = {
			isa = PBXGroup;
			children = (
				D8C1EDA4285EBD26003A1092 /* Skins */,
				D8338DF22844C9E7000007C6 /* CalculatorScene.swift */,
				D878A89C284AE6B9001CD2F9 /* CalculatorDimensions.swift */,
				D878A89A28446934001CD2F9 /* CalculatorKeyEnum.swift */,
				D824E4112841D02B00C144F1 /* CalculatorView.swift */,
				D8C1EDA1285EBBB7003A1092 /* CalculatorSkin.swift */,
			);
			path = Calculator;
			sourceTree = "<group>";
		};
		D82F3E282830782300436EDF /* Extensions */ = {
			isa = PBXGroup;
			children = (
				D82F3E292830783500436EDF /* UIColor.swift */,
				D82F3E3528317E0B00436EDF /* SKNode.swift */,
				D82F3E392832343B00436EDF /* CGPoint.swift */,
				D87ED4CC2832D8DE00BA6DF4 /* String.swift */,
				D8338DF62846AF9B000007C6 /* CGRect.swift */,
				D8338DF82846B34E000007C6 /* CGSize.swift */,
				D86B8C1928573B3C005045B1 /* Decimal.swift */,
				D8C1ED96285AD549003A1092 /* Int.swift */,
				D8C1ED9A285C2786003A1092 /* SKSpriteNode.swift */,
			);
			path = Extensions;
			sourceTree = "<group>";
		};
		D84F14862841FC3E00886521 /* Services */ = {
			isa = PBXGroup;
			children = (
				D82F3E2B28307AED00436EDF /* WarFactory.swift */,
				D82F3E2D28307B7E00436EDF /* WarService.swift */,
			);
			path = Services;
			sourceTree = "<group>";
		};
		D84F14872841FE6000886521 /* Games */ = {
			isa = PBXGroup;
			children = (
				D8E721AD28587ACE0023B2BF /* 8Attack */,
				D8E94F46284DF05800AC87C2 /* Scoring */,
				D84F14882841FE6900886521 /* SpaceInvaders */,
				D84F148B2841FE8900886521 /* GamesProtocol.swift */,
			);
			path = Games;
			sourceTree = "<group>";
		};
		D84F14882841FE6900886521 /* SpaceInvaders */ = {
			isa = PBXGroup;
			children = (
				D8603871282F4B3A00781EA5 /* Battle.swift */,
				D8603875282F4C4900781EA5 /* BattleDelegate.swift */,
				D8603873282F4B4F00781EA5 /* Enemy.swift */,
				D84F14892841FE7E00886521 /* SpaceInvaders.swift */,
				D87ED4D22832E37E00BA6DF4 /* War.swift */,
				D8F39B52284ED23500FA57C7 /* WarDelegate.swift */,
				D84F14982843310D00886521 /* Rules */,
				D84F14862841FC3E00886521 /* Services */,
			);
			path = SpaceInvaders;
			sourceTree = "<group>";
		};
		D84F14982843310D00886521 /* Rules */ = {
			isa = PBXGroup;
			children = (
				D87ED4D728349FED00BA6DF4 /* DigitalInvadersClassicRules.swift */,
				D87ED4CE2832DCE800BA6DF4 /* DigitalInvadersRulesProtocol.swift */,
			);
			path = Rules;
			sourceTree = "<group>";
		};
		D860382E282F403500781EA5 = {
			isa = PBXGroup;
			children = (
				D804A072285721770080632F /* Podfile */,
				D824E40A28416CD900C144F1 /* README.md */,
				D8603839282F403500781EA5 /* numbermarch */,
				D8603850282F403600781EA5 /* numbermarchTests */,
				D8603838282F403500781EA5 /* Products */,
				0CDB808F68AF2D0A90BB374D /* Pods */,
				FC436344BA0E22E4C951AC0E /* Frameworks */,
			);
			sourceTree = "<group>";
		};
		D8603838282F403500781EA5 /* Products */ = {
			isa = PBXGroup;
			children = (
				D8603837282F403500781EA5 /* numbermarch.app */,
				D860384D282F403600781EA5 /* numbermarchTests.xctest */,
			);
			name = Products;
			sourceTree = "<group>";
		};
		D8603839282F403500781EA5 /* numbermarch */ = {
			isa = PBXGroup;
			children = (
				D860386F282F42DD00781EA5 /* numbermarch-Bridging-Header.h */,
				D8603848282F403600781EA5 /* Info.plist */,
				D86D00B228306ECC00113F26 /* LaunchScreen.storyboard */,
				D860383A282F403500781EA5 /* AppDelegate.swift */,
				D8603843282F403600781EA5 /* Assets.xcassets */,
				D82F3E282830782300436EDF /* Extensions */,
				D8603870282F4B2600781EA5 /* Model */,
				D860387728302B4D00781EA5 /* Modules */,
			);
			path = numbermarch;
			sourceTree = "<group>";
		};
		D8603850282F403600781EA5 /* numbermarchTests */ = {
			isa = PBXGroup;
			children = (
				D8603851282F403600781EA5 /* BattleTests.swift */,
				D87ED4D428337AF500BA6DF4 /* WarTests.swift */,
				D84F148F2842209500886521 /* ScreenTests.swift */,
				D8338DFC2849D563000007C6 /* SKNodeTests.swift */,
				D8E94F44284C0F3300AC87C2 /* CalculatorDimensionsTests.swift */,
				D8014F952857B3100024DD99 /* ExpressionBuilderTests.swift */,
				D8C1ED942859AEBA003A1092 /* EightBattleTests.swift */,
				D8C1ED98285AE139003A1092 /* IntExtensionTests.swift */,
				D8C1EDAB28602218003A1092 /* NumberEngineTests.swift */,
			);
			path = numbermarchTests;
			sourceTree = "<group>";
		};
		D8603870282F4B2600781EA5 /* Model */ = {
			isa = PBXGroup;
			children = (
				D84F14872841FE6000886521 /* Games */,
				D878A88E2841D58B001CD2F9 /* Calculator */,
			);
			path = Model;
			sourceTree = "<group>";
		};
		D860387728302B4D00781EA5 /* Modules */ = {
			isa = PBXGroup;
			children = (
				D8C1EDAD2860287E003A1092 /* List */,
				D878A8942841DA56001CD2F9 /* Screen */,
				D86B8C0A28572685005045B1 /* Main */,
				D824E4182841D03700C144F1 /* Calculator */,
				D86D00B028303E3D00113F26 /* AppModules.swift */,
			);
			path = Modules;
			sourceTree = "<group>";
		};
		D86B8C0A28572685005045B1 /* Main */ = {
			isa = PBXGroup;
			children = (
				D86B8C0C285726B3005045B1 /* MainDisplayData.swift */,
				D86B8C0D285726B3005045B1 /* MainPresenter.swift */,
				D86B8C0E285726B3005045B1 /* MainRouter.swift */,
				D86B8C0F285726B3005045B1 /* MainModuleApi.swift */,
				D86B8C10285726B3005045B1 /* MainInteractor.swift */,
				D86B8C11285726B3005045B1 /* MainView.swift */,
			);
			path = Main;
			sourceTree = "<group>";
		};
		D878A88E2841D58B001CD2F9 /* Calculator */ = {
			isa = PBXGroup;
			children = (
				D878A8922841D83F001CD2F9 /* KeyboardDelegate.swift */,
				D8F39B54284FF5AF00FA57C7 /* CalculatorEngine.swift */,
				D882F74528557A3800F288D6 /* MusicEngine.swift */,
				D882F7472855867D00F288D6 /* NumberEngine.swift */,
				D882F74B28558C3600F288D6 /* NumberEngineDelegate.swift */,
				D86B8C1B2857AB83005045B1 /* ExpressionBuilder.swift */,
			);
			path = Calculator;
			sourceTree = "<group>";
		};
		D878A8942841DA56001CD2F9 /* Screen */ = {
			isa = PBXGroup;
			children = (
				D882F74D2855975C00F288D6 /* DigitalCharacter.swift */,
				D86A48C7283840AD00C3BE8D /* DigitalCharacterNode.swift */,
				D8F39B562851A17900FA57C7 /* DigitalDecimalPlaceNode.swift */,
				D878A8952841DA6C001CD2F9 /* ScreenNode.swift */,
				D878A8902841D5D1001CD2F9 /* ScreenProtocol.swift */,
			);
			path = Screen;
			sourceTree = "<group>";
		};
		D8C1ED9C285DA92E003A1092 /* Rules */ = {
			isa = PBXGroup;
			children = (
				D8C1ED9D285DA93F003A1092 /* EightAttackRules.swift */,
				D8C1ED9F285DB6A7003A1092 /* ClassicEightAttackRules.swift */,
			);
			path = Rules;
			sourceTree = "<group>";
		};
		D8C1EDA4285EBD26003A1092 /* Skins */ = {
			isa = PBXGroup;
			children = (
				D8C1EDA5285F0ECF003A1092 /* MG880Skin.swift */,
				D8C1EDA7285F12E3003A1092 /* MG775Skin.swift */,
				D8C1EDA9285F1747003A1092 /* MG885Skin.swift */,
			);
			path = Skins;
			sourceTree = "<group>";
		};
		D8C1EDAD2860287E003A1092 /* List */ = {
			isa = PBXGroup;
			children = (
				D8C1EDAE286028CF003A1092 /* ListDisplayData.swift */,
				D8C1EDAF286028CF003A1092 /* ListPresenter.swift */,
				D8C1EDB0286028CF003A1092 /* ListRouter.swift */,
				D8C1EDB1286028CF003A1092 /* ListModuleApi.swift */,
				D8C1EDB2286028CF003A1092 /* ListInteractor.swift */,
				D8C1EDB3286028CF003A1092 /* ListView.swift */,
			);
			path = List;
			sourceTree = "<group>";
		};
		D8E721AD28587ACE0023B2BF /* 8Attack */ = {
			isa = PBXGroup;
			children = (
				D8C1ED9C285DA92E003A1092 /* Rules */,
				D8E721AE28587AE50023B2BF /* EightAttack.swift */,
				D8E721B028587E580023B2BF /* EightBattle.swift */,
				D8E721B2285881070023B2BF /* EightBattleDelegate.swift */,
				D8E721B4285881210023B2BF /* EightEnemy.swift */,
				D8E721B62858830D0023B2BF /* EightBomb.swift */,
				D8C1ED9028597C79003A1092 /* EightMissileTypeEnum.swift */,
				D8C1ED9228597CDE003A1092 /* EightMissile.swift */,
			);
			path = 8Attack;
			sourceTree = "<group>";
		};
		D8E94F46284DF05800AC87C2 /* Scoring */ = {
			isa = PBXGroup;
			children = (
				D8E94F47284DF06F00AC87C2 /* ScoreService.swift */,
			);
			path = Scoring;
			sourceTree = "<group>";
		};
		FC436344BA0E22E4C951AC0E /* Frameworks */ = {
			isa = PBXGroup;
			children = (
				2A063E9AFDCB964CA2E1C565 /* Pods_numbermarch.framework */,
				1A2C42631744F48BE4B14668 /* Pods_numbermarchTests.framework */,
			);
			name = Frameworks;
			sourceTree = "<group>";
		};
/* End PBXGroup section */

/* Begin PBXNativeTarget section */
		D8603836282F403500781EA5 /* numbermarch */ = {
			isa = PBXNativeTarget;
			buildConfigurationList = D8603861282F403600781EA5 /* Build configuration list for PBXNativeTarget "numbermarch" */;
			buildPhases = (
				56180378711560EE0AF5E6E9 /* [CP] Check Pods Manifest.lock */,
				D8603833282F403500781EA5 /* Sources */,
				D8603834282F403500781EA5 /* Frameworks */,
				D8603835282F403500781EA5 /* Resources */,
				9D3B5B0027DDEFB6FDDC0C6F /* [CP] Embed Pods Frameworks */,
			);
			buildRules = (
			);
			dependencies = (
			);
			name = numbermarch;
			productName = numbermarch;
			productReference = D8603837282F403500781EA5 /* numbermarch.app */;
			productType = "com.apple.product-type.application";
		};
		D860384C282F403600781EA5 /* numbermarchTests */ = {
			isa = PBXNativeTarget;
			buildConfigurationList = D8603864282F403600781EA5 /* Build configuration list for PBXNativeTarget "numbermarchTests" */;
			buildPhases = (
				FCC6DCD477C91F418F95D4F8 /* [CP] Check Pods Manifest.lock */,
				D8603849282F403600781EA5 /* Sources */,
				D860384A282F403600781EA5 /* Frameworks */,
				D860384B282F403600781EA5 /* Resources */,
			);
			buildRules = (
			);
			dependencies = (
				D860384F282F403600781EA5 /* PBXTargetDependency */,
			);
			name = numbermarchTests;
			productName = numbermarchTests;
			productReference = D860384D282F403600781EA5 /* numbermarchTests.xctest */;
			productType = "com.apple.product-type.bundle.unit-test";
		};
/* End PBXNativeTarget section */

/* Begin PBXProject section */
		D860382F282F403500781EA5 /* Project object */ = {
			isa = PBXProject;
			attributes = {
				BuildIndependentTargetsInParallel = 1;
				LastSwiftUpdateCheck = 1330;
				LastUpgradeCheck = 1330;
				TargetAttributes = {
					D8603836282F403500781EA5 = {
						CreatedOnToolsVersion = 13.3.1;
					};
					D860384C282F403600781EA5 = {
						CreatedOnToolsVersion = 13.3.1;
						TestTargetID = D8603836282F403500781EA5;
					};
				};
			};
			buildConfigurationList = D8603832282F403500781EA5 /* Build configuration list for PBXProject "numbermarch" */;
			compatibilityVersion = "Xcode 13.0";
			developmentRegion = en;
			hasScannedForEncodings = 0;
			knownRegions = (
				en,
				Base,
			);
			mainGroup = D860382E282F403500781EA5;
			productRefGroup = D8603838282F403500781EA5 /* Products */;
			projectDirPath = "";
			projectRoot = "";
			targets = (
				D8603836282F403500781EA5 /* numbermarch */,
				D860384C282F403600781EA5 /* numbermarchTests */,
			);
		};
/* End PBXProject section */

/* Begin PBXResourcesBuildPhase section */
		D8603835282F403500781EA5 /* Resources */ = {
			isa = PBXResourcesBuildPhase;
			buildActionMask = 2147483647;
			files = (
				D824E40B28416CD900C144F1 /* README.md in Resources */,
				D8603844282F403600781EA5 /* Assets.xcassets in Resources */,
				D804A073285721770080632F /* Podfile in Resources */,
				D86D00B328306ECC00113F26 /* LaunchScreen.storyboard in Resources */,
			);
			runOnlyForDeploymentPostprocessing = 0;
		};
		D860384B282F403600781EA5 /* Resources */ = {
			isa = PBXResourcesBuildPhase;
			buildActionMask = 2147483647;
			files = (
			);
			runOnlyForDeploymentPostprocessing = 0;
		};
/* End PBXResourcesBuildPhase section */

/* Begin PBXShellScriptBuildPhase section */
		56180378711560EE0AF5E6E9 /* [CP] Check Pods Manifest.lock */ = {
			isa = PBXShellScriptBuildPhase;
			buildActionMask = 2147483647;
			files = (
			);
			inputFileListPaths = (
			);
			inputPaths = (
				"${PODS_PODFILE_DIR_PATH}/Podfile.lock",
				"${PODS_ROOT}/Manifest.lock",
			);
			name = "[CP] Check Pods Manifest.lock";
			outputFileListPaths = (
			);
			outputPaths = (
				"$(DERIVED_FILE_DIR)/Pods-numbermarch-checkManifestLockResult.txt",
			);
			runOnlyForDeploymentPostprocessing = 0;
			shellPath = /bin/sh;
			shellScript = "diff \"${PODS_PODFILE_DIR_PATH}/Podfile.lock\" \"${PODS_ROOT}/Manifest.lock\" > /dev/null\nif [ $? != 0 ] ; then\n    # print error to STDERR\n    echo \"error: The sandbox is not in sync with the Podfile.lock. Run 'pod install' or update your CocoaPods installation.\" >&2\n    exit 1\nfi\n# This output is used by Xcode 'outputs' to avoid re-running this script phase.\necho \"SUCCESS\" > \"${SCRIPT_OUTPUT_FILE_0}\"\n";
			showEnvVarsInLog = 0;
		};
		9D3B5B0027DDEFB6FDDC0C6F /* [CP] Embed Pods Frameworks */ = {
			isa = PBXShellScriptBuildPhase;
			buildActionMask = 2147483647;
			files = (
			);
			inputFileListPaths = (
				"${PODS_ROOT}/Target Support Files/Pods-numbermarch/Pods-numbermarch-frameworks-${CONFIGURATION}-input-files.xcfilelist",
			);
			name = "[CP] Embed Pods Frameworks";
			outputFileListPaths = (
				"${PODS_ROOT}/Target Support Files/Pods-numbermarch/Pods-numbermarch-frameworks-${CONFIGURATION}-output-files.xcfilelist",
			);
			runOnlyForDeploymentPostprocessing = 0;
			shellPath = /bin/sh;
			shellScript = "\"${PODS_ROOT}/Target Support Files/Pods-numbermarch/Pods-numbermarch-frameworks.sh\"\n";
			showEnvVarsInLog = 0;
		};
		FCC6DCD477C91F418F95D4F8 /* [CP] Check Pods Manifest.lock */ = {
			isa = PBXShellScriptBuildPhase;
			buildActionMask = 2147483647;
			files = (
			);
			inputFileListPaths = (
			);
			inputPaths = (
				"${PODS_PODFILE_DIR_PATH}/Podfile.lock",
				"${PODS_ROOT}/Manifest.lock",
			);
			name = "[CP] Check Pods Manifest.lock";
			outputFileListPaths = (
			);
			outputPaths = (
				"$(DERIVED_FILE_DIR)/Pods-numbermarchTests-checkManifestLockResult.txt",
			);
			runOnlyForDeploymentPostprocessing = 0;
			shellPath = /bin/sh;
			shellScript = "diff \"${PODS_PODFILE_DIR_PATH}/Podfile.lock\" \"${PODS_ROOT}/Manifest.lock\" > /dev/null\nif [ $? != 0 ] ; then\n    # print error to STDERR\n    echo \"error: The sandbox is not in sync with the Podfile.lock. Run 'pod install' or update your CocoaPods installation.\" >&2\n    exit 1\nfi\n# This output is used by Xcode 'outputs' to avoid re-running this script phase.\necho \"SUCCESS\" > \"${SCRIPT_OUTPUT_FILE_0}\"\n";
			showEnvVarsInLog = 0;
		};
/* End PBXShellScriptBuildPhase section */

/* Begin PBXSourcesBuildPhase section */
		D8603833282F403500781EA5 /* Sources */ = {
			isa = PBXSourcesBuildPhase;
			buildActionMask = 2147483647;
			files = (
				D8C1EDB5286028D0003A1092 /* ListPresenter.swift in Sources */,
				D8C1EDA2285EBBB7003A1092 /* CalculatorSkin.swift in Sources */,
				D87ED4D32832E37E00BA6DF4 /* War.swift in Sources */,
				D8F39B55284FF5AF00FA57C7 /* CalculatorEngine.swift in Sources */,
				D878A8912841D5D1001CD2F9 /* ScreenProtocol.swift in Sources */,
				D8E721B3285881070023B2BF /* EightBattleDelegate.swift in Sources */,
				D87ED4CD2832D8DE00BA6DF4 /* String.swift in Sources */,
				D8338DF32844C9E7000007C6 /* CalculatorScene.swift in Sources */,
				D8E721B5285881210023B2BF /* EightEnemy.swift in Sources */,
				D8E721B128587E580023B2BF /* EightBattle.swift in Sources */,
				D8C1ED9B285C2786003A1092 /* SKSpriteNode.swift in Sources */,
				D8C1EDA0285DB6A7003A1092 /* ClassicEightAttackRules.swift in Sources */,
				D878A89D284AE6B9001CD2F9 /* CalculatorDimensions.swift in Sources */,
				D8603876282F4C4900781EA5 /* BattleDelegate.swift in Sources */,
				D878A8962841DA6C001CD2F9 /* ScreenNode.swift in Sources */,
				D8C1EDB4286028D0003A1092 /* ListDisplayData.swift in Sources */,
				D8E721B72858830D0023B2BF /* EightBomb.swift in Sources */,
				D8C1EDB9286028D0003A1092 /* ListView.swift in Sources */,
				D8F39B572851A17900FA57C7 /* DigitalDecimalPlaceNode.swift in Sources */,
				D8603874282F4B4F00781EA5 /* Enemy.swift in Sources */,
				D87ED4CF2832DCE800BA6DF4 /* DigitalInvadersRulesProtocol.swift in Sources */,
				D8C1EDB8286028D0003A1092 /* ListInteractor.swift in Sources */,
				D8F39B53284ED23500FA57C7 /* WarDelegate.swift in Sources */,
				D82F3E2C28307AED00436EDF /* WarFactory.swift in Sources */,
				D8C1EDB7286028D0003A1092 /* ListModuleApi.swift in Sources */,
				D84F148A2841FE7E00886521 /* SpaceInvaders.swift in Sources */,
				D860383B282F403500781EA5 /* AppDelegate.swift in Sources */,
				D86B8C1C2857AB83005045B1 /* ExpressionBuilder.swift in Sources */,
				D84F148C2841FE8900886521 /* GamesProtocol.swift in Sources */,
				D882F74C28558C3600F288D6 /* NumberEngineDelegate.swift in Sources */,
				D882F74628557A3800F288D6 /* MusicEngine.swift in Sources */,
				D86A48C8283840AD00C3BE8D /* DigitalCharacterNode.swift in Sources */,
				D86D00B128303E3D00113F26 /* AppModules.swift in Sources */,
				D82F3E3A2832343B00436EDF /* CGPoint.swift in Sources */,
				D82F3E2A2830783500436EDF /* UIColor.swift in Sources */,
				D87ED4D828349FED00BA6DF4 /* DigitalInvadersClassicRules.swift in Sources */,
				D82F3E3628317E0B00436EDF /* SKNode.swift in Sources */,
				D86B8C13285726B3005045B1 /* MainDisplayData.swift in Sources */,
				D8E94F48284DF06F00AC87C2 /* ScoreService.swift in Sources */,
				D8E721AF28587AE50023B2BF /* EightAttack.swift in Sources */,
				D882F74E2855975C00F288D6 /* DigitalCharacter.swift in Sources */,
				D878A8932841D83F001CD2F9 /* KeyboardDelegate.swift in Sources */,
				D86B8C15285726B3005045B1 /* MainRouter.swift in Sources */,
				D8C1EDAA285F1747003A1092 /* MG885Skin.swift in Sources */,
				D8C1ED9128597C79003A1092 /* EightMissileTypeEnum.swift in Sources */,
				D878A89B28446934001CD2F9 /* CalculatorKeyEnum.swift in Sources */,
				D8C1ED9328597CDE003A1092 /* EightMissile.swift in Sources */,
				D824E4172841D02B00C144F1 /* CalculatorView.swift in Sources */,
				D8338DF92846B34E000007C6 /* CGSize.swift in Sources */,
				D86B8C14285726B3005045B1 /* MainPresenter.swift in Sources */,
				D86B8C1A28573B3C005045B1 /* Decimal.swift in Sources */,
				D8C1EDB6286028D0003A1092 /* ListRouter.swift in Sources */,
				D86B8C18285726B3005045B1 /* MainView.swift in Sources */,
				D8C1EDA8285F12E3003A1092 /* MG775Skin.swift in Sources */,
				D82F3E2E28307B7E00436EDF /* WarService.swift in Sources */,
				D8338DF72846AF9B000007C6 /* CGRect.swift in Sources */,
				D8603872282F4B3A00781EA5 /* Battle.swift in Sources */,
				D8C1EDA6285F0ECF003A1092 /* MG880Skin.swift in Sources */,
				D882F7482855867D00F288D6 /* NumberEngine.swift in Sources */,
				D8C1ED97285AD549003A1092 /* Int.swift in Sources */,
				D86B8C16285726B3005045B1 /* MainModuleApi.swift in Sources */,
				D86B8C17285726B3005045B1 /* MainInteractor.swift in Sources */,
				D8C1ED9E285DA93F003A1092 /* EightAttackRules.swift in Sources */,
			);
			runOnlyForDeploymentPostprocessing = 0;
		};
		D8603849282F403600781EA5 /* Sources */ = {
			isa = PBXSourcesBuildPhase;
			buildActionMask = 2147483647;
			files = (
				D8C1EDAC28602219003A1092 /* NumberEngineTests.swift in Sources */,
				D87ED4D528337AF500BA6DF4 /* WarTests.swift in Sources */,
				D8C1ED99285AE139003A1092 /* IntExtensionTests.swift in Sources */,
				D84F14902842209500886521 /* ScreenTests.swift in Sources */,
				D8E94F45284C0F3300AC87C2 /* CalculatorDimensionsTests.swift in Sources */,
				D8603852282F403600781EA5 /* BattleTests.swift in Sources */,
				D8338DFD2849D563000007C6 /* SKNodeTests.swift in Sources */,
				D8C1ED952859AEBA003A1092 /* EightBattleTests.swift in Sources */,
				D8014F962857B3100024DD99 /* ExpressionBuilderTests.swift in Sources */,
			);
			runOnlyForDeploymentPostprocessing = 0;
		};
/* End PBXSourcesBuildPhase section */

/* Begin PBXTargetDependency section */
		D860384F282F403600781EA5 /* PBXTargetDependency */ = {
			isa = PBXTargetDependency;
			target = D8603836282F403500781EA5 /* numbermarch */;
			targetProxy = D860384E282F403600781EA5 /* PBXContainerItemProxy */;
		};
/* End PBXTargetDependency section */

/* Begin XCBuildConfiguration section */
		D860385F282F403600781EA5 /* Debug */ = {
			isa = XCBuildConfiguration;
			buildSettings = {
				ALWAYS_SEARCH_USER_PATHS = NO;
				CLANG_ANALYZER_NONNULL = YES;
				CLANG_ANALYZER_NUMBER_OBJECT_CONVERSION = YES_AGGRESSIVE;
				CLANG_CXX_LANGUAGE_STANDARD = "gnu++17";
				CLANG_ENABLE_MODULES = YES;
				CLANG_ENABLE_OBJC_ARC = YES;
				CLANG_ENABLE_OBJC_WEAK = YES;
				CLANG_WARN_BLOCK_CAPTURE_AUTORELEASING = YES;
				CLANG_WARN_BOOL_CONVERSION = YES;
				CLANG_WARN_COMMA = YES;
				CLANG_WARN_CONSTANT_CONVERSION = YES;
				CLANG_WARN_DEPRECATED_OBJC_IMPLEMENTATIONS = YES;
				CLANG_WARN_DIRECT_OBJC_ISA_USAGE = YES_ERROR;
				CLANG_WARN_DOCUMENTATION_COMMENTS = YES;
				CLANG_WARN_EMPTY_BODY = YES;
				CLANG_WARN_ENUM_CONVERSION = YES;
				CLANG_WARN_INFINITE_RECURSION = YES;
				CLANG_WARN_INT_CONVERSION = YES;
				CLANG_WARN_NON_LITERAL_NULL_CONVERSION = YES;
				CLANG_WARN_OBJC_IMPLICIT_RETAIN_SELF = YES;
				CLANG_WARN_OBJC_LITERAL_CONVERSION = YES;
				CLANG_WARN_OBJC_ROOT_CLASS = YES_ERROR;
				CLANG_WARN_QUOTED_INCLUDE_IN_FRAMEWORK_HEADER = YES;
				CLANG_WARN_RANGE_LOOP_ANALYSIS = YES;
				CLANG_WARN_STRICT_PROTOTYPES = YES;
				CLANG_WARN_SUSPICIOUS_MOVE = YES;
				CLANG_WARN_UNGUARDED_AVAILABILITY = YES_AGGRESSIVE;
				CLANG_WARN_UNREACHABLE_CODE = YES;
				CLANG_WARN__DUPLICATE_METHOD_MATCH = YES;
				COPY_PHASE_STRIP = NO;
				DEBUG_INFORMATION_FORMAT = dwarf;
				ENABLE_STRICT_OBJC_MSGSEND = YES;
				ENABLE_TESTABILITY = YES;
				GCC_C_LANGUAGE_STANDARD = gnu11;
				GCC_DYNAMIC_NO_PIC = NO;
				GCC_NO_COMMON_BLOCKS = YES;
				GCC_OPTIMIZATION_LEVEL = 0;
				GCC_PREPROCESSOR_DEFINITIONS = (
					"DEBUG=1",
					"$(inherited)",
				);
				GCC_WARN_64_TO_32_BIT_CONVERSION = YES;
				GCC_WARN_ABOUT_RETURN_TYPE = YES_ERROR;
				GCC_WARN_UNDECLARED_SELECTOR = YES;
				GCC_WARN_UNINITIALIZED_AUTOS = YES_AGGRESSIVE;
				GCC_WARN_UNUSED_FUNCTION = YES;
				GCC_WARN_UNUSED_VARIABLE = YES;
				INFOPLIST_KEY_UILaunchStoryboardName = "";
				IPHONEOS_DEPLOYMENT_TARGET = 15.2;
				MTL_ENABLE_DEBUG_INFO = INCLUDE_SOURCE;
				MTL_FAST_MATH = YES;
				ONLY_ACTIVE_ARCH = YES;
				SDKROOT = iphoneos;
				SWIFT_ACTIVE_COMPILATION_CONDITIONS = DEBUG;
				SWIFT_OPTIMIZATION_LEVEL = "-Onone";
			};
			name = Debug;
		};
		D8603860282F403600781EA5 /* Release */ = {
			isa = XCBuildConfiguration;
			buildSettings = {
				ALWAYS_SEARCH_USER_PATHS = NO;
				CLANG_ANALYZER_NONNULL = YES;
				CLANG_ANALYZER_NUMBER_OBJECT_CONVERSION = YES_AGGRESSIVE;
				CLANG_CXX_LANGUAGE_STANDARD = "gnu++17";
				CLANG_ENABLE_MODULES = YES;
				CLANG_ENABLE_OBJC_ARC = YES;
				CLANG_ENABLE_OBJC_WEAK = YES;
				CLANG_WARN_BLOCK_CAPTURE_AUTORELEASING = YES;
				CLANG_WARN_BOOL_CONVERSION = YES;
				CLANG_WARN_COMMA = YES;
				CLANG_WARN_CONSTANT_CONVERSION = YES;
				CLANG_WARN_DEPRECATED_OBJC_IMPLEMENTATIONS = YES;
				CLANG_WARN_DIRECT_OBJC_ISA_USAGE = YES_ERROR;
				CLANG_WARN_DOCUMENTATION_COMMENTS = YES;
				CLANG_WARN_EMPTY_BODY = YES;
				CLANG_WARN_ENUM_CONVERSION = YES;
				CLANG_WARN_INFINITE_RECURSION = YES;
				CLANG_WARN_INT_CONVERSION = YES;
				CLANG_WARN_NON_LITERAL_NULL_CONVERSION = YES;
				CLANG_WARN_OBJC_IMPLICIT_RETAIN_SELF = YES;
				CLANG_WARN_OBJC_LITERAL_CONVERSION = YES;
				CLANG_WARN_OBJC_ROOT_CLASS = YES_ERROR;
				CLANG_WARN_QUOTED_INCLUDE_IN_FRAMEWORK_HEADER = YES;
				CLANG_WARN_RANGE_LOOP_ANALYSIS = YES;
				CLANG_WARN_STRICT_PROTOTYPES = YES;
				CLANG_WARN_SUSPICIOUS_MOVE = YES;
				CLANG_WARN_UNGUARDED_AVAILABILITY = YES_AGGRESSIVE;
				CLANG_WARN_UNREACHABLE_CODE = YES;
				CLANG_WARN__DUPLICATE_METHOD_MATCH = YES;
				COPY_PHASE_STRIP = NO;
				DEBUG_INFORMATION_FORMAT = "dwarf-with-dsym";
				ENABLE_NS_ASSERTIONS = NO;
				ENABLE_STRICT_OBJC_MSGSEND = YES;
				GCC_C_LANGUAGE_STANDARD = gnu11;
				GCC_NO_COMMON_BLOCKS = YES;
				GCC_WARN_64_TO_32_BIT_CONVERSION = YES;
				GCC_WARN_ABOUT_RETURN_TYPE = YES_ERROR;
				GCC_WARN_UNDECLARED_SELECTOR = YES;
				GCC_WARN_UNINITIALIZED_AUTOS = YES_AGGRESSIVE;
				GCC_WARN_UNUSED_FUNCTION = YES;
				GCC_WARN_UNUSED_VARIABLE = YES;
				INFOPLIST_KEY_UILaunchStoryboardName = "";
				IPHONEOS_DEPLOYMENT_TARGET = 15.2;
				MTL_ENABLE_DEBUG_INFO = NO;
				MTL_FAST_MATH = YES;
				SDKROOT = iphoneos;
				SWIFT_COMPILATION_MODE = wholemodule;
				SWIFT_OPTIMIZATION_LEVEL = "-O";
				VALIDATE_PRODUCT = YES;
			};
			name = Release;
		};
		D8603862282F403600781EA5 /* Debug */ = {
			isa = XCBuildConfiguration;
			baseConfigurationReference = 985A1B3ADE8B4972664EF2B2 /* Pods-numbermarch.debug.xcconfig */;
			buildSettings = {
				ASSETCATALOG_COMPILER_APPICON_NAME = AppIcon;
				ASSETCATALOG_COMPILER_GLOBAL_ACCENT_COLOR_NAME = AccentColor;
				CODE_SIGN_STYLE = Automatic;
				CURRENT_PROJECT_VERSION = 1;
				DEVELOPMENT_TEAM = 2DTZ6ESMX9;
				GENERATE_INFOPLIST_FILE = YES;
				INFOPLIST_FILE = numbermarch/Info.plist;
				INFOPLIST_KEY_UIApplicationSupportsIndirectInputEvents = YES;
				INFOPLIST_KEY_UILaunchStoryboardName = LaunchScreen.storyboard;
				INFOPLIST_KEY_UIMainStoryboardFile = "";
				INFOPLIST_KEY_UISupportedInterfaceOrientations_iPad = "UIInterfaceOrientationPortrait UIInterfaceOrientationPortraitUpsideDown UIInterfaceOrientationLandscapeLeft UIInterfaceOrientationLandscapeRight";
				INFOPLIST_KEY_UISupportedInterfaceOrientations_iPhone = "UIInterfaceOrientationPortrait UIInterfaceOrientationLandscapeLeft UIInterfaceOrientationLandscapeRight";
				LD_RUNPATH_SEARCH_PATHS = (
					"$(inherited)",
					"@executable_path/Frameworks",
				);
				MARKETING_VERSION = 1.0;
				PRODUCT_BUNDLE_IDENTIFIER = andrewtokeley.numbermarch;
				PRODUCT_NAME = "$(TARGET_NAME)";
				SWIFT_EMIT_LOC_STRINGS = YES;
				SWIFT_OBJC_BRIDGING_HEADER = "numbermarch/numbermarch-Bridging-Header.h";
				SWIFT_VERSION = 5.0;
				TARGETED_DEVICE_FAMILY = "1,2";
			};
			name = Debug;
		};
		D8603863282F403600781EA5 /* Release */ = {
			isa = XCBuildConfiguration;
			baseConfigurationReference = 30EABCA65DBD330E93947089 /* Pods-numbermarch.release.xcconfig */;
			buildSettings = {
				ASSETCATALOG_COMPILER_APPICON_NAME = AppIcon;
				ASSETCATALOG_COMPILER_GLOBAL_ACCENT_COLOR_NAME = AccentColor;
				CODE_SIGN_STYLE = Automatic;
				CURRENT_PROJECT_VERSION = 1;
				DEVELOPMENT_TEAM = 2DTZ6ESMX9;
				GENERATE_INFOPLIST_FILE = YES;
				INFOPLIST_FILE = numbermarch/Info.plist;
				INFOPLIST_KEY_UIApplicationSupportsIndirectInputEvents = YES;
				INFOPLIST_KEY_UILaunchStoryboardName = LaunchScreen.storyboard;
				INFOPLIST_KEY_UIMainStoryboardFile = "";
				INFOPLIST_KEY_UISupportedInterfaceOrientations_iPad = "UIInterfaceOrientationPortrait UIInterfaceOrientationPortraitUpsideDown UIInterfaceOrientationLandscapeLeft UIInterfaceOrientationLandscapeRight";
				INFOPLIST_KEY_UISupportedInterfaceOrientations_iPhone = "UIInterfaceOrientationPortrait UIInterfaceOrientationLandscapeLeft UIInterfaceOrientationLandscapeRight";
				LD_RUNPATH_SEARCH_PATHS = (
					"$(inherited)",
					"@executable_path/Frameworks",
				);
				MARKETING_VERSION = 1.0;
				PRODUCT_BUNDLE_IDENTIFIER = andrewtokeley.numbermarch;
				PRODUCT_NAME = "$(TARGET_NAME)";
				SWIFT_EMIT_LOC_STRINGS = YES;
				SWIFT_OBJC_BRIDGING_HEADER = "numbermarch/numbermarch-Bridging-Header.h";
				SWIFT_VERSION = 5.0;
				TARGETED_DEVICE_FAMILY = "1,2";
			};
			name = Release;
		};
		D8603865282F403600781EA5 /* Debug */ = {
			isa = XCBuildConfiguration;
			baseConfigurationReference = C5646766D70F4DADBAF62FEB /* Pods-numbermarchTests.debug.xcconfig */;
			buildSettings = {
				ALWAYS_EMBED_SWIFT_STANDARD_LIBRARIES = YES;
				BUNDLE_LOADER = "$(TEST_HOST)";
				CODE_SIGN_STYLE = Automatic;
				CURRENT_PROJECT_VERSION = 1;
				DEVELOPMENT_TEAM = 2DTZ6ESMX9;
				GENERATE_INFOPLIST_FILE = YES;
				IPHONEOS_DEPLOYMENT_TARGET = 15.4;
				MARKETING_VERSION = 1.0;
				PRODUCT_BUNDLE_IDENTIFIER = andrewtokeley.numbermarchTests;
				PRODUCT_NAME = "$(TARGET_NAME)";
				SWIFT_EMIT_LOC_STRINGS = NO;
				SWIFT_VERSION = 5.0;
				TARGETED_DEVICE_FAMILY = "1,2";
				TEST_HOST = "$(BUILT_PRODUCTS_DIR)/numbermarch.app/numbermarch";
			};
			name = Debug;
		};
		D8603866282F403600781EA5 /* Release */ = {
			isa = XCBuildConfiguration;
			baseConfigurationReference = 399578A6CE7D0A49CAE7E200 /* Pods-numbermarchTests.release.xcconfig */;
			buildSettings = {
				ALWAYS_EMBED_SWIFT_STANDARD_LIBRARIES = YES;
				BUNDLE_LOADER = "$(TEST_HOST)";
				CODE_SIGN_STYLE = Automatic;
				CURRENT_PROJECT_VERSION = 1;
				DEVELOPMENT_TEAM = 2DTZ6ESMX9;
				GENERATE_INFOPLIST_FILE = YES;
				IPHONEOS_DEPLOYMENT_TARGET = 15.4;
				MARKETING_VERSION = 1.0;
				PRODUCT_BUNDLE_IDENTIFIER = andrewtokeley.numbermarchTests;
				PRODUCT_NAME = "$(TARGET_NAME)";
				SWIFT_EMIT_LOC_STRINGS = NO;
				SWIFT_VERSION = 5.0;
				TARGETED_DEVICE_FAMILY = "1,2";
				TEST_HOST = "$(BUILT_PRODUCTS_DIR)/numbermarch.app/numbermarch";
			};
			name = Release;
		};
/* End XCBuildConfiguration section */

/* Begin XCConfigurationList section */
		D8603832282F403500781EA5 /* Build configuration list for PBXProject "numbermarch" */ = {
			isa = XCConfigurationList;
			buildConfigurations = (
				D860385F282F403600781EA5 /* Debug */,
				D8603860282F403600781EA5 /* Release */,
			);
			defaultConfigurationIsVisible = 0;
			defaultConfigurationName = Release;
		};
		D8603861282F403600781EA5 /* Build configuration list for PBXNativeTarget "numbermarch" */ = {
			isa = XCConfigurationList;
			buildConfigurations = (
				D8603862282F403600781EA5 /* Debug */,
				D8603863282F403600781EA5 /* Release */,
			);
			defaultConfigurationIsVisible = 0;
			defaultConfigurationName = Release;
		};
		D8603864282F403600781EA5 /* Build configuration list for PBXNativeTarget "numbermarchTests" */ = {
			isa = XCConfigurationList;
			buildConfigurations = (
				D8603865282F403600781EA5 /* Debug */,
				D8603866282F403600781EA5 /* Release */,
			);
			defaultConfigurationIsVisible = 0;
			defaultConfigurationName = Release;
		};
/* End XCConfigurationList section */
	};
	rootObject = D860382F282F403500781EA5 /* Project object */;
}
