// !$*UTF8*$!
{
	archiveVersion = 1;
	classes = {
	};
	objectVersion = 55;
	objects = {

/* Begin PBXBuildFile section */
		D816B5BC283D649000907412 /* GunNode.swift in Sources */ = {isa = PBXBuildFile; fileRef = D816B5BB283D649000907412 /* GunNode.swift */; };
		D824E40B28416CD900C144F1 /* README.md in Resources */ = {isa = PBXBuildFile; fileRef = D824E40A28416CD900C144F1 /* README.md */; };
		D824E4122841D02B00C144F1 /* CalculatorDisplayData.swift in Sources */ = {isa = PBXBuildFile; fileRef = D824E40C2841D02B00C144F1 /* CalculatorDisplayData.swift */; };
		D824E4132841D02B00C144F1 /* CalculatorPresenter.swift in Sources */ = {isa = PBXBuildFile; fileRef = D824E40D2841D02B00C144F1 /* CalculatorPresenter.swift */; };
		D824E4142841D02B00C144F1 /* CalculatorRouter.swift in Sources */ = {isa = PBXBuildFile; fileRef = D824E40E2841D02B00C144F1 /* CalculatorRouter.swift */; };
		D824E4152841D02B00C144F1 /* CalculatorModuleApi.swift in Sources */ = {isa = PBXBuildFile; fileRef = D824E40F2841D02B00C144F1 /* CalculatorModuleApi.swift */; };
		D824E4162841D02B00C144F1 /* CalculatorInteractor.swift in Sources */ = {isa = PBXBuildFile; fileRef = D824E4102841D02B00C144F1 /* CalculatorInteractor.swift */; };
		D824E4172841D02B00C144F1 /* CalculatorView.swift in Sources */ = {isa = PBXBuildFile; fileRef = D824E4112841D02B00C144F1 /* CalculatorView.swift */; };
		D82F3E2A2830783500436EDF /* UIColorExtension.swift in Sources */ = {isa = PBXBuildFile; fileRef = D82F3E292830783500436EDF /* UIColorExtension.swift */; };
		D82F3E2C28307AED00436EDF /* WarFactory.swift in Sources */ = {isa = PBXBuildFile; fileRef = D82F3E2B28307AED00436EDF /* WarFactory.swift */; };
		D82F3E2E28307B7E00436EDF /* WarService.swift in Sources */ = {isa = PBXBuildFile; fileRef = D82F3E2D28307B7E00436EDF /* WarService.swift */; };
		D82F3E302830862F00436EDF /* BattlefieldSceneDelegate.swift in Sources */ = {isa = PBXBuildFile; fileRef = D82F3E2F2830862F00436EDF /* BattlefieldSceneDelegate.swift */; };
		D82F3E342830BF8700436EDF /* DigitalLivesNode.swift in Sources */ = {isa = PBXBuildFile; fileRef = D82F3E332830BF8700436EDF /* DigitalLivesNode.swift */; };
		D82F3E3628317E0B00436EDF /* SKNodeExtension.swift in Sources */ = {isa = PBXBuildFile; fileRef = D82F3E3528317E0B00436EDF /* SKNodeExtension.swift */; };
		D82F3E38283226FB00436EDF /* CharacterNode.swift in Sources */ = {isa = PBXBuildFile; fileRef = D82F3E37283226FA00436EDF /* CharacterNode.swift */; };
		D82F3E3A2832343B00436EDF /* CGPointExtension.swift in Sources */ = {isa = PBXBuildFile; fileRef = D82F3E392832343B00436EDF /* CGPointExtension.swift */; };
		D860383B282F403500781EA5 /* AppDelegate.swift in Sources */ = {isa = PBXBuildFile; fileRef = D860383A282F403500781EA5 /* AppDelegate.swift */; };
		D8603844282F403600781EA5 /* Assets.xcassets in Resources */ = {isa = PBXBuildFile; fileRef = D8603843282F403600781EA5 /* Assets.xcassets */; };
		D8603852282F403600781EA5 /* numbermarchTests.swift in Sources */ = {isa = PBXBuildFile; fileRef = D8603851282F403600781EA5 /* numbermarchTests.swift */; };
		D8603872282F4B3A00781EA5 /* Battle.swift in Sources */ = {isa = PBXBuildFile; fileRef = D8603871282F4B3A00781EA5 /* Battle.swift */; };
		D8603874282F4B4F00781EA5 /* Enemy.swift in Sources */ = {isa = PBXBuildFile; fileRef = D8603873282F4B4F00781EA5 /* Enemy.swift */; };
		D8603876282F4C4900781EA5 /* BattleDelegate.swift in Sources */ = {isa = PBXBuildFile; fileRef = D8603875282F4C4900781EA5 /* BattleDelegate.swift */; };
		D86A48C8283840AD00C3BE8D /* DigitalCharacterNode.swift in Sources */ = {isa = PBXBuildFile; fileRef = D86A48C7283840AD00C3BE8D /* DigitalCharacterNode.swift */; };
		D86A48CA2838A1E900C3BE8D /* NumberNode.swift in Sources */ = {isa = PBXBuildFile; fileRef = D86A48C92838A1E900C3BE8D /* NumberNode.swift */; };
		D86A48CE2838A6A800C3BE8D /* EnemyNode.swift in Sources */ = {isa = PBXBuildFile; fileRef = D86A48CD2838A6A800C3BE8D /* EnemyNode.swift */; };
		D86D005828302EDB00113F26 /* GameDisplayData.swift in Sources */ = {isa = PBXBuildFile; fileRef = D86D005328302EDB00113F26 /* GameDisplayData.swift */; };
		D86D005928302EDB00113F26 /* GamePresenter.swift in Sources */ = {isa = PBXBuildFile; fileRef = D86D005428302EDB00113F26 /* GamePresenter.swift */; };
		D86D005A28302EDB00113F26 /* GameRouter.swift in Sources */ = {isa = PBXBuildFile; fileRef = D86D005528302EDB00113F26 /* GameRouter.swift */; };
		D86D005B28302EDB00113F26 /* GameInteractor.swift in Sources */ = {isa = PBXBuildFile; fileRef = D86D005628302EDB00113F26 /* GameInteractor.swift */; };
		D86D005C28302EDB00113F26 /* GameView.swift in Sources */ = {isa = PBXBuildFile; fileRef = D86D005728302EDB00113F26 /* GameView.swift */; };
		D86D006128302FE400113F26 /* DigitalCharacterEnemy.swift in Sources */ = {isa = PBXBuildFile; fileRef = D86D006028302FE400113F26 /* DigitalCharacterEnemy.swift */; };
		D86D0063283031B700113F26 /* BattlefieldScene.swift in Sources */ = {isa = PBXBuildFile; fileRef = D86D0062283031B700113F26 /* BattlefieldScene.swift */; };
		D86D008F2830393F00113F26 /* DisplayData.swift in Sources */ = {isa = PBXBuildFile; fileRef = D86D00862830393F00113F26 /* DisplayData.swift */; };
		D86D00902830393F00113F26 /* Interactor.swift in Sources */ = {isa = PBXBuildFile; fileRef = D86D00872830393F00113F26 /* Interactor.swift */; };
		D86D00912830393F00113F26 /* UserInterface.swift in Sources */ = {isa = PBXBuildFile; fileRef = D86D00882830393F00113F26 /* UserInterface.swift */; };
		D86D00922830393F00113F26 /* Router.swift in Sources */ = {isa = PBXBuildFile; fileRef = D86D00892830393F00113F26 /* Router.swift */; };
		D86D00932830393F00113F26 /* Presenter.swift in Sources */ = {isa = PBXBuildFile; fileRef = D86D008A2830393F00113F26 /* Presenter.swift */; };
		D86D00942830393F00113F26 /* ViperComponent.swift in Sources */ = {isa = PBXBuildFile; fileRef = D86D008B2830393F00113F26 /* ViperComponent.swift */; };
		D86D00952830393F00113F26 /* Module.swift in Sources */ = {isa = PBXBuildFile; fileRef = D86D008C2830393F00113F26 /* Module.swift */; };
		D86D00962830393F00113F26 /* ViperitError.swift in Sources */ = {isa = PBXBuildFile; fileRef = D86D008D2830393F00113F26 /* ViperitError.swift */; };
		D86D00972830393F00113F26 /* ViperitModule.swift in Sources */ = {isa = PBXBuildFile; fileRef = D86D008E2830393F00113F26 /* ViperitModule.swift */; };
		D86D009E2830398000113F26 /* UserInterface+SwiftUI.swift in Sources */ = {isa = PBXBuildFile; fileRef = D86D00992830398000113F26 /* UserInterface+SwiftUI.swift */; };
		D86D009F2830398000113F26 /* UserInterface+Table.swift in Sources */ = {isa = PBXBuildFile; fileRef = D86D009A2830398000113F26 /* UserInterface+Table.swift */; };
		D86D00A02830398000113F26 /* String+.swift in Sources */ = {isa = PBXBuildFile; fileRef = D86D009B2830398000113F26 /* String+.swift */; };
		D86D00A12830398000113F26 /* UserInterface+Split.swift in Sources */ = {isa = PBXBuildFile; fileRef = D86D009C2830398000113F26 /* UserInterface+Split.swift */; };
		D86D00A22830398000113F26 /* UserInterface+Collection.swift in Sources */ = {isa = PBXBuildFile; fileRef = D86D009D2830398000113F26 /* UserInterface+Collection.swift */; };
		D86D00AD28303D1100113F26 /* NSLayoutConstraint+PureLayout.m in Sources */ = {isa = PBXBuildFile; fileRef = D86D00A628303D1100113F26 /* NSLayoutConstraint+PureLayout.m */; };
		D86D00AE28303D1100113F26 /* ALView+PureLayout.m in Sources */ = {isa = PBXBuildFile; fileRef = D86D00A928303D1100113F26 /* ALView+PureLayout.m */; };
		D86D00AF28303D1100113F26 /* NSArray+PureLayout.m in Sources */ = {isa = PBXBuildFile; fileRef = D86D00AB28303D1100113F26 /* NSArray+PureLayout.m */; };
		D86D00B128303E3D00113F26 /* AppModules.swift in Sources */ = {isa = PBXBuildFile; fileRef = D86D00B028303E3D00113F26 /* AppModules.swift */; };
		D86D00B328306ECC00113F26 /* LaunchScreen.storyboard in Resources */ = {isa = PBXBuildFile; fileRef = D86D00B228306ECC00113F26 /* LaunchScreen.storyboard */; };
		D878A8912841D5D1001CD2F9 /* ScreenProtocol.swift in Sources */ = {isa = PBXBuildFile; fileRef = D878A8902841D5D1001CD2F9 /* ScreenProtocol.swift */; };
		D878A8932841D83F001CD2F9 /* KeyboardDelegate.swift in Sources */ = {isa = PBXBuildFile; fileRef = D878A8922841D83F001CD2F9 /* KeyboardDelegate.swift */; };
		D878A8962841DA6C001CD2F9 /* ScreenScene.swift in Sources */ = {isa = PBXBuildFile; fileRef = D878A8952841DA6C001CD2F9 /* ScreenScene.swift */; };
		D87ED4CD2832D8DE00BA6DF4 /* String.swift in Sources */ = {isa = PBXBuildFile; fileRef = D87ED4CC2832D8DE00BA6DF4 /* String.swift */; };
		D87ED4CF2832DCE800BA6DF4 /* WarRulesProtocol.swift in Sources */ = {isa = PBXBuildFile; fileRef = D87ED4CE2832DCE800BA6DF4 /* WarRulesProtocol.swift */; };
		D87ED4D12832E1E400BA6DF4 /* BaseWarRules.swift in Sources */ = {isa = PBXBuildFile; fileRef = D87ED4D02832E1E400BA6DF4 /* BaseWarRules.swift */; };
		D87ED4D32832E37E00BA6DF4 /* War.swift in Sources */ = {isa = PBXBuildFile; fileRef = D87ED4D22832E37E00BA6DF4 /* War.swift */; };
		D87ED4D528337AF500BA6DF4 /* WarTests.swift in Sources */ = {isa = PBXBuildFile; fileRef = D87ED4D428337AF500BA6DF4 /* WarTests.swift */; };
		D87ED4D828349FED00BA6DF4 /* Mod10WarRules.swift in Sources */ = {isa = PBXBuildFile; fileRef = D87ED4D728349FED00BA6DF4 /* Mod10WarRules.swift */; };
		D87ED4DA2834A45400BA6DF4 /* MultiModWarRules.swift in Sources */ = {isa = PBXBuildFile; fileRef = D87ED4D92834A45400BA6DF4 /* MultiModWarRules.swift */; };
/* End PBXBuildFile section */

/* Begin PBXContainerItemProxy section */
		D860384E282F403600781EA5 /* PBXContainerItemProxy */ = {
			isa = PBXContainerItemProxy;
			containerPortal = D860382F282F403500781EA5 /* Project object */;
			proxyType = 1;
			remoteGlobalIDString = D8603836282F403500781EA5;
			remoteInfo = numbermarch;
		};
/* End PBXContainerItemProxy section */

/* Begin PBXFileReference section */
		D816B5BB283D649000907412 /* GunNode.swift */ = {isa = PBXFileReference; lastKnownFileType = sourcecode.swift; path = GunNode.swift; sourceTree = "<group>"; };
		D824E40A28416CD900C144F1 /* README.md */ = {isa = PBXFileReference; fileEncoding = 4; lastKnownFileType = net.daringfireball.markdown; path = README.md; sourceTree = "<group>"; };
		D824E40C2841D02B00C144F1 /* CalculatorDisplayData.swift */ = {isa = PBXFileReference; lastKnownFileType = sourcecode.swift; path = CalculatorDisplayData.swift; sourceTree = "<group>"; };
		D824E40D2841D02B00C144F1 /* CalculatorPresenter.swift */ = {isa = PBXFileReference; lastKnownFileType = sourcecode.swift; path = CalculatorPresenter.swift; sourceTree = "<group>"; };
		D824E40E2841D02B00C144F1 /* CalculatorRouter.swift */ = {isa = PBXFileReference; lastKnownFileType = sourcecode.swift; path = CalculatorRouter.swift; sourceTree = "<group>"; };
		D824E40F2841D02B00C144F1 /* CalculatorModuleApi.swift */ = {isa = PBXFileReference; lastKnownFileType = sourcecode.swift; path = CalculatorModuleApi.swift; sourceTree = "<group>"; };
		D824E4102841D02B00C144F1 /* CalculatorInteractor.swift */ = {isa = PBXFileReference; lastKnownFileType = sourcecode.swift; path = CalculatorInteractor.swift; sourceTree = "<group>"; };
		D824E4112841D02B00C144F1 /* CalculatorView.swift */ = {isa = PBXFileReference; lastKnownFileType = sourcecode.swift; path = CalculatorView.swift; sourceTree = "<group>"; };
		D82F3E292830783500436EDF /* UIColorExtension.swift */ = {isa = PBXFileReference; lastKnownFileType = sourcecode.swift; path = UIColorExtension.swift; sourceTree = "<group>"; };
		D82F3E2B28307AED00436EDF /* WarFactory.swift */ = {isa = PBXFileReference; lastKnownFileType = sourcecode.swift; path = WarFactory.swift; sourceTree = "<group>"; };
		D82F3E2D28307B7E00436EDF /* WarService.swift */ = {isa = PBXFileReference; lastKnownFileType = sourcecode.swift; path = WarService.swift; sourceTree = "<group>"; };
		D82F3E2F2830862F00436EDF /* BattlefieldSceneDelegate.swift */ = {isa = PBXFileReference; lastKnownFileType = sourcecode.swift; path = BattlefieldSceneDelegate.swift; sourceTree = "<group>"; };
		D82F3E332830BF8700436EDF /* DigitalLivesNode.swift */ = {isa = PBXFileReference; lastKnownFileType = sourcecode.swift; path = DigitalLivesNode.swift; sourceTree = "<group>"; };
		D82F3E3528317E0B00436EDF /* SKNodeExtension.swift */ = {isa = PBXFileReference; lastKnownFileType = sourcecode.swift; path = SKNodeExtension.swift; sourceTree = "<group>"; };
		D82F3E37283226FA00436EDF /* CharacterNode.swift */ = {isa = PBXFileReference; lastKnownFileType = sourcecode.swift; path = CharacterNode.swift; sourceTree = "<group>"; };
		D82F3E392832343B00436EDF /* CGPointExtension.swift */ = {isa = PBXFileReference; lastKnownFileType = sourcecode.swift; path = CGPointExtension.swift; sourceTree = "<group>"; };
		D8603837282F403500781EA5 /* numbermarch.app */ = {isa = PBXFileReference; explicitFileType = wrapper.application; includeInIndex = 0; path = numbermarch.app; sourceTree = BUILT_PRODUCTS_DIR; };
		D860383A282F403500781EA5 /* AppDelegate.swift */ = {isa = PBXFileReference; lastKnownFileType = sourcecode.swift; path = AppDelegate.swift; sourceTree = "<group>"; };
		D8603843282F403600781EA5 /* Assets.xcassets */ = {isa = PBXFileReference; lastKnownFileType = folder.assetcatalog; path = Assets.xcassets; sourceTree = "<group>"; };
		D8603848282F403600781EA5 /* Info.plist */ = {isa = PBXFileReference; lastKnownFileType = text.plist.xml; path = Info.plist; sourceTree = "<group>"; };
		D860384D282F403600781EA5 /* numbermarchTests.xctest */ = {isa = PBXFileReference; explicitFileType = wrapper.cfbundle; includeInIndex = 0; path = numbermarchTests.xctest; sourceTree = BUILT_PRODUCTS_DIR; };
		D8603851282F403600781EA5 /* numbermarchTests.swift */ = {isa = PBXFileReference; lastKnownFileType = sourcecode.swift; path = numbermarchTests.swift; sourceTree = "<group>"; };
		D860386F282F42DD00781EA5 /* numbermarch-Bridging-Header.h */ = {isa = PBXFileReference; lastKnownFileType = sourcecode.c.h; path = "numbermarch-Bridging-Header.h"; sourceTree = "<group>"; };
		D8603871282F4B3A00781EA5 /* Battle.swift */ = {isa = PBXFileReference; lastKnownFileType = sourcecode.swift; path = Battle.swift; sourceTree = "<group>"; };
		D8603873282F4B4F00781EA5 /* Enemy.swift */ = {isa = PBXFileReference; lastKnownFileType = sourcecode.swift; path = Enemy.swift; sourceTree = "<group>"; };
		D8603875282F4C4900781EA5 /* BattleDelegate.swift */ = {isa = PBXFileReference; lastKnownFileType = sourcecode.swift; path = BattleDelegate.swift; sourceTree = "<group>"; };
		D86A48C7283840AD00C3BE8D /* DigitalCharacterNode.swift */ = {isa = PBXFileReference; lastKnownFileType = sourcecode.swift; path = DigitalCharacterNode.swift; sourceTree = "<group>"; };
		D86A48C92838A1E900C3BE8D /* NumberNode.swift */ = {isa = PBXFileReference; lastKnownFileType = sourcecode.swift; path = NumberNode.swift; sourceTree = "<group>"; };
		D86A48CD2838A6A800C3BE8D /* EnemyNode.swift */ = {isa = PBXFileReference; lastKnownFileType = sourcecode.swift; path = EnemyNode.swift; sourceTree = "<group>"; };
		D86D005328302EDB00113F26 /* GameDisplayData.swift */ = {isa = PBXFileReference; lastKnownFileType = sourcecode.swift; path = GameDisplayData.swift; sourceTree = "<group>"; };
		D86D005428302EDB00113F26 /* GamePresenter.swift */ = {isa = PBXFileReference; lastKnownFileType = sourcecode.swift; path = GamePresenter.swift; sourceTree = "<group>"; };
		D86D005528302EDB00113F26 /* GameRouter.swift */ = {isa = PBXFileReference; lastKnownFileType = sourcecode.swift; path = GameRouter.swift; sourceTree = "<group>"; };
		D86D005628302EDB00113F26 /* GameInteractor.swift */ = {isa = PBXFileReference; lastKnownFileType = sourcecode.swift; path = GameInteractor.swift; sourceTree = "<group>"; };
		D86D005728302EDB00113F26 /* GameView.swift */ = {isa = PBXFileReference; lastKnownFileType = sourcecode.swift; path = GameView.swift; sourceTree = "<group>"; };
		D86D006028302FE400113F26 /* DigitalCharacterEnemy.swift */ = {isa = PBXFileReference; lastKnownFileType = sourcecode.swift; path = DigitalCharacterEnemy.swift; sourceTree = "<group>"; };
		D86D0062283031B700113F26 /* BattlefieldScene.swift */ = {isa = PBXFileReference; lastKnownFileType = sourcecode.swift; path = BattlefieldScene.swift; sourceTree = "<group>"; };
		D86D00862830393F00113F26 /* DisplayData.swift */ = {isa = PBXFileReference; fileEncoding = 4; lastKnownFileType = sourcecode.swift; path = DisplayData.swift; sourceTree = "<group>"; };
		D86D00872830393F00113F26 /* Interactor.swift */ = {isa = PBXFileReference; fileEncoding = 4; lastKnownFileType = sourcecode.swift; path = Interactor.swift; sourceTree = "<group>"; };
		D86D00882830393F00113F26 /* UserInterface.swift */ = {isa = PBXFileReference; fileEncoding = 4; lastKnownFileType = sourcecode.swift; path = UserInterface.swift; sourceTree = "<group>"; };
		D86D00892830393F00113F26 /* Router.swift */ = {isa = PBXFileReference; fileEncoding = 4; lastKnownFileType = sourcecode.swift; path = Router.swift; sourceTree = "<group>"; };
		D86D008A2830393F00113F26 /* Presenter.swift */ = {isa = PBXFileReference; fileEncoding = 4; lastKnownFileType = sourcecode.swift; path = Presenter.swift; sourceTree = "<group>"; };
		D86D008B2830393F00113F26 /* ViperComponent.swift */ = {isa = PBXFileReference; fileEncoding = 4; lastKnownFileType = sourcecode.swift; path = ViperComponent.swift; sourceTree = "<group>"; };
		D86D008C2830393F00113F26 /* Module.swift */ = {isa = PBXFileReference; fileEncoding = 4; lastKnownFileType = sourcecode.swift; path = Module.swift; sourceTree = "<group>"; };
		D86D008D2830393F00113F26 /* ViperitError.swift */ = {isa = PBXFileReference; fileEncoding = 4; lastKnownFileType = sourcecode.swift; path = ViperitError.swift; sourceTree = "<group>"; };
		D86D008E2830393F00113F26 /* ViperitModule.swift */ = {isa = PBXFileReference; fileEncoding = 4; lastKnownFileType = sourcecode.swift; path = ViperitModule.swift; sourceTree = "<group>"; };
		D86D00992830398000113F26 /* UserInterface+SwiftUI.swift */ = {isa = PBXFileReference; fileEncoding = 4; lastKnownFileType = sourcecode.swift; path = "UserInterface+SwiftUI.swift"; sourceTree = "<group>"; };
		D86D009A2830398000113F26 /* UserInterface+Table.swift */ = {isa = PBXFileReference; fileEncoding = 4; lastKnownFileType = sourcecode.swift; path = "UserInterface+Table.swift"; sourceTree = "<group>"; };
		D86D009B2830398000113F26 /* String+.swift */ = {isa = PBXFileReference; fileEncoding = 4; lastKnownFileType = sourcecode.swift; path = "String+.swift"; sourceTree = "<group>"; };
		D86D009C2830398000113F26 /* UserInterface+Split.swift */ = {isa = PBXFileReference; fileEncoding = 4; lastKnownFileType = sourcecode.swift; path = "UserInterface+Split.swift"; sourceTree = "<group>"; };
		D86D009D2830398000113F26 /* UserInterface+Collection.swift */ = {isa = PBXFileReference; fileEncoding = 4; lastKnownFileType = sourcecode.swift; path = "UserInterface+Collection.swift"; sourceTree = "<group>"; };
		D86D00A428303D1100113F26 /* PureLayout+Internal.h */ = {isa = PBXFileReference; fileEncoding = 4; lastKnownFileType = sourcecode.c.h; path = "PureLayout+Internal.h"; sourceTree = "<group>"; };
		D86D00A528303D1100113F26 /* PureLayoutDefines.h */ = {isa = PBXFileReference; fileEncoding = 4; lastKnownFileType = sourcecode.c.h; path = PureLayoutDefines.h; sourceTree = "<group>"; };
		D86D00A628303D1100113F26 /* NSLayoutConstraint+PureLayout.m */ = {isa = PBXFileReference; fileEncoding = 4; lastKnownFileType = sourcecode.c.objc; path = "NSLayoutConstraint+PureLayout.m"; sourceTree = "<group>"; };
		D86D00A728303D1100113F26 /* ALView+PureLayout.h */ = {isa = PBXFileReference; fileEncoding = 4; lastKnownFileType = sourcecode.c.h; path = "ALView+PureLayout.h"; sourceTree = "<group>"; };
		D86D00A828303D1100113F26 /* NSArray+PureLayout.h */ = {isa = PBXFileReference; fileEncoding = 4; lastKnownFileType = sourcecode.c.h; path = "NSArray+PureLayout.h"; sourceTree = "<group>"; };
		D86D00A928303D1100113F26 /* ALView+PureLayout.m */ = {isa = PBXFileReference; fileEncoding = 4; lastKnownFileType = sourcecode.c.objc; path = "ALView+PureLayout.m"; sourceTree = "<group>"; };
		D86D00AA28303D1100113F26 /* PureLayout.h */ = {isa = PBXFileReference; fileEncoding = 4; lastKnownFileType = sourcecode.c.h; path = PureLayout.h; sourceTree = "<group>"; };
		D86D00AB28303D1100113F26 /* NSArray+PureLayout.m */ = {isa = PBXFileReference; fileEncoding = 4; lastKnownFileType = sourcecode.c.objc; path = "NSArray+PureLayout.m"; sourceTree = "<group>"; };
		D86D00AC28303D1100113F26 /* NSLayoutConstraint+PureLayout.h */ = {isa = PBXFileReference; fileEncoding = 4; lastKnownFileType = sourcecode.c.h; path = "NSLayoutConstraint+PureLayout.h"; sourceTree = "<group>"; };
		D86D00B028303E3D00113F26 /* AppModules.swift */ = {isa = PBXFileReference; lastKnownFileType = sourcecode.swift; path = AppModules.swift; sourceTree = "<group>"; };
		D86D00B228306ECC00113F26 /* LaunchScreen.storyboard */ = {isa = PBXFileReference; lastKnownFileType = file.storyboard; path = LaunchScreen.storyboard; sourceTree = "<group>"; };
		D878A8902841D5D1001CD2F9 /* ScreenProtocol.swift */ = {isa = PBXFileReference; lastKnownFileType = sourcecode.swift; path = ScreenProtocol.swift; sourceTree = "<group>"; };
		D878A8922841D83F001CD2F9 /* KeyboardDelegate.swift */ = {isa = PBXFileReference; lastKnownFileType = sourcecode.swift; path = KeyboardDelegate.swift; sourceTree = "<group>"; };
		D878A8952841DA6C001CD2F9 /* ScreenScene.swift */ = {isa = PBXFileReference; lastKnownFileType = sourcecode.swift; path = ScreenScene.swift; sourceTree = "<group>"; };
		D87ED4CC2832D8DE00BA6DF4 /* String.swift */ = {isa = PBXFileReference; lastKnownFileType = sourcecode.swift; path = String.swift; sourceTree = "<group>"; };
		D87ED4CE2832DCE800BA6DF4 /* WarRulesProtocol.swift */ = {isa = PBXFileReference; lastKnownFileType = sourcecode.swift; path = WarRulesProtocol.swift; sourceTree = "<group>"; };
		D87ED4D02832E1E400BA6DF4 /* BaseWarRules.swift */ = {isa = PBXFileReference; lastKnownFileType = sourcecode.swift; path = BaseWarRules.swift; sourceTree = "<group>"; };
		D87ED4D22832E37E00BA6DF4 /* War.swift */ = {isa = PBXFileReference; lastKnownFileType = sourcecode.swift; path = War.swift; sourceTree = "<group>"; };
		D87ED4D428337AF500BA6DF4 /* WarTests.swift */ = {isa = PBXFileReference; lastKnownFileType = sourcecode.swift; path = WarTests.swift; sourceTree = "<group>"; };
		D87ED4D728349FED00BA6DF4 /* Mod10WarRules.swift */ = {isa = PBXFileReference; lastKnownFileType = sourcecode.swift; path = Mod10WarRules.swift; sourceTree = "<group>"; };
		D87ED4D92834A45400BA6DF4 /* MultiModWarRules.swift */ = {isa = PBXFileReference; lastKnownFileType = sourcecode.swift; path = MultiModWarRules.swift; sourceTree = "<group>"; };
/* End PBXFileReference section */

/* Begin PBXFrameworksBuildPhase section */
		D8603834282F403500781EA5 /* Frameworks */ = {
			isa = PBXFrameworksBuildPhase;
			buildActionMask = 2147483647;
			files = (
			);
			runOnlyForDeploymentPostprocessing = 0;
		};
		D860384A282F403600781EA5 /* Frameworks */ = {
			isa = PBXFrameworksBuildPhase;
			buildActionMask = 2147483647;
			files = (
			);
			runOnlyForDeploymentPostprocessing = 0;
		};
/* End PBXFrameworksBuildPhase section */

/* Begin PBXGroup section */
		D824E4182841D03700C144F1 /* Calculator */ = {
			isa = PBXGroup;
			children = (
				D824E40C2841D02B00C144F1 /* CalculatorDisplayData.swift */,
				D824E40D2841D02B00C144F1 /* CalculatorPresenter.swift */,
				D824E40E2841D02B00C144F1 /* CalculatorRouter.swift */,
				D824E40F2841D02B00C144F1 /* CalculatorModuleApi.swift */,
				D824E4102841D02B00C144F1 /* CalculatorInteractor.swift */,
				D824E4112841D02B00C144F1 /* CalculatorView.swift */,
			);
			path = Calculator;
			sourceTree = "<group>";
		};
		D82F3E282830782300436EDF /* Extensions */ = {
			isa = PBXGroup;
			children = (
				D82F3E292830783500436EDF /* UIColorExtension.swift */,
				D82F3E3528317E0B00436EDF /* SKNodeExtension.swift */,
				D82F3E392832343B00436EDF /* CGPointExtension.swift */,
				D87ED4CC2832D8DE00BA6DF4 /* String.swift */,
			);
			path = Extensions;
			sourceTree = "<group>";
		};
		D860382E282F403500781EA5 = {
			isa = PBXGroup;
			children = (
				D824E40A28416CD900C144F1 /* README.md */,
				D8603839282F403500781EA5 /* numbermarch */,
				D8603850282F403600781EA5 /* numbermarchTests */,
				D8603838282F403500781EA5 /* Products */,
			);
			sourceTree = "<group>";
		};
		D8603838282F403500781EA5 /* Products */ = {
			isa = PBXGroup;
			children = (
				D8603837282F403500781EA5 /* numbermarch.app */,
				D860384D282F403600781EA5 /* numbermarchTests.xctest */,
			);
			name = Products;
			sourceTree = "<group>";
		};
		D8603839282F403500781EA5 /* numbermarch */ = {
			isa = PBXGroup;
			children = (
				D860383A282F403500781EA5 /* AppDelegate.swift */,
				D8603843282F403600781EA5 /* Assets.xcassets */,
				D86D005D28302F5700113F26 /* Battlefield */,
				D82F3E282830782300436EDF /* Extensions */,
				D86A48C628383CDC00C3BE8D /* Images */,
				D8603848282F403600781EA5 /* Info.plist */,
				D86D00B228306ECC00113F26 /* LaunchScreen.storyboard */,
				D8603870282F4B2600781EA5 /* Model */,
				D860387728302B4D00781EA5 /* Modules */,
				D860386F282F42DD00781EA5 /* numbermarch-Bridging-Header.h */,
				D860386A282F408200781EA5 /* PodImports */,
			);
			path = numbermarch;
			sourceTree = "<group>";
		};
		D8603850282F403600781EA5 /* numbermarchTests */ = {
			isa = PBXGroup;
			children = (
				D8603851282F403600781EA5 /* numbermarchTests.swift */,
				D87ED4D428337AF500BA6DF4 /* WarTests.swift */,
			);
			path = numbermarchTests;
			sourceTree = "<group>";
		};
		D860386A282F408200781EA5 /* PodImports */ = {
			isa = PBXGroup;
			children = (
				D86D00A328303D0400113F26 /* PureLayout */,
				D86D0064283037AF00113F26 /* Viperit */,
			);
			path = PodImports;
			sourceTree = "<group>";
		};
		D8603870282F4B2600781EA5 /* Model */ = {
			isa = PBXGroup;
			children = (
				D878A88F2841D59B001CD2F9 /* War */,
				D878A88E2841D58B001CD2F9 /* Calculator */,
				D87ED4D628349F3C00BA6DF4 /* Rules */,
			);
			path = Model;
			sourceTree = "<group>";
		};
		D860387728302B4D00781EA5 /* Modules */ = {
			isa = PBXGroup;
			children = (
				D824E4182841D03700C144F1 /* Calculator */,
				D860387828302B5400781EA5 /* Game */,
				D86D00B028303E3D00113F26 /* AppModules.swift */,
			);
			path = Modules;
			sourceTree = "<group>";
		};
		D860387828302B5400781EA5 /* Game */ = {
			isa = PBXGroup;
			children = (
				D86D005328302EDB00113F26 /* GameDisplayData.swift */,
				D86D005428302EDB00113F26 /* GamePresenter.swift */,
				D86D005528302EDB00113F26 /* GameRouter.swift */,
				D86D005628302EDB00113F26 /* GameInteractor.swift */,
				D86D005728302EDB00113F26 /* GameView.swift */,
			);
			path = Game;
			sourceTree = "<group>";
		};
		D86A48C628383CDC00C3BE8D /* Images */ = {
			isa = PBXGroup;
			children = (
			);
			path = Images;
			sourceTree = "<group>";
		};
		D86D005D28302F5700113F26 /* Battlefield */ = {
			isa = PBXGroup;
			children = (
				D878A8942841DA56001CD2F9 /* Screen */,
				D86D0062283031B700113F26 /* BattlefieldScene.swift */,
				D82F3E2F2830862F00436EDF /* BattlefieldSceneDelegate.swift */,
				D82F3E37283226FA00436EDF /* CharacterNode.swift */,
				D86D006028302FE400113F26 /* DigitalCharacterEnemy.swift */,
				D86A48C7283840AD00C3BE8D /* DigitalCharacterNode.swift */,
				D82F3E332830BF8700436EDF /* DigitalLivesNode.swift */,
				D86A48C92838A1E900C3BE8D /* NumberNode.swift */,
				D82F3E2B28307AED00436EDF /* WarFactory.swift */,
				D82F3E2D28307B7E00436EDF /* WarService.swift */,
				D86A48CD2838A6A800C3BE8D /* EnemyNode.swift */,
				D816B5BB283D649000907412 /* GunNode.swift */,
			);
			path = Battlefield;
			sourceTree = "<group>";
		};
		D86D0064283037AF00113F26 /* Viperit */ = {
			isa = PBXGroup;
			children = (
				D86D00982830396F00113F26 /* Extensions */,
				D86D00852830392D00113F26 /* Core */,
			);
			path = Viperit;
			sourceTree = "<group>";
		};
		D86D00852830392D00113F26 /* Core */ = {
			isa = PBXGroup;
			children = (
				D86D00862830393F00113F26 /* DisplayData.swift */,
				D86D00872830393F00113F26 /* Interactor.swift */,
				D86D008C2830393F00113F26 /* Module.swift */,
				D86D008A2830393F00113F26 /* Presenter.swift */,
				D86D00892830393F00113F26 /* Router.swift */,
				D86D00882830393F00113F26 /* UserInterface.swift */,
				D86D008B2830393F00113F26 /* ViperComponent.swift */,
				D86D008D2830393F00113F26 /* ViperitError.swift */,
				D86D008E2830393F00113F26 /* ViperitModule.swift */,
			);
			path = Core;
			sourceTree = "<group>";
		};
		D86D00982830396F00113F26 /* Extensions */ = {
			isa = PBXGroup;
			children = (
				D86D009B2830398000113F26 /* String+.swift */,
				D86D009D2830398000113F26 /* UserInterface+Collection.swift */,
				D86D009C2830398000113F26 /* UserInterface+Split.swift */,
				D86D00992830398000113F26 /* UserInterface+SwiftUI.swift */,
				D86D009A2830398000113F26 /* UserInterface+Table.swift */,
			);
			path = Extensions;
			sourceTree = "<group>";
		};
		D86D00A328303D0400113F26 /* PureLayout */ = {
			isa = PBXGroup;
			children = (
				D86D00A728303D1100113F26 /* ALView+PureLayout.h */,
				D86D00A928303D1100113F26 /* ALView+PureLayout.m */,
				D86D00A828303D1100113F26 /* NSArray+PureLayout.h */,
				D86D00AB28303D1100113F26 /* NSArray+PureLayout.m */,
				D86D00AC28303D1100113F26 /* NSLayoutConstraint+PureLayout.h */,
				D86D00A628303D1100113F26 /* NSLayoutConstraint+PureLayout.m */,
				D86D00AA28303D1100113F26 /* PureLayout.h */,
				D86D00A428303D1100113F26 /* PureLayout+Internal.h */,
				D86D00A528303D1100113F26 /* PureLayoutDefines.h */,
			);
			path = PureLayout;
			sourceTree = "<group>";
		};
		D878A88E2841D58B001CD2F9 /* Calculator */ = {
			isa = PBXGroup;
			children = (
				D878A8902841D5D1001CD2F9 /* ScreenProtocol.swift */,
				D878A8922841D83F001CD2F9 /* KeyboardDelegate.swift */,
			);
			path = Calculator;
			sourceTree = "<group>";
		};
		D878A88F2841D59B001CD2F9 /* War */ = {
			isa = PBXGroup;
			children = (
				D8603871282F4B3A00781EA5 /* Battle.swift */,
				D8603873282F4B4F00781EA5 /* Enemy.swift */,
				D8603875282F4C4900781EA5 /* BattleDelegate.swift */,
				D87ED4D22832E37E00BA6DF4 /* War.swift */,
			);
			path = War;
			sourceTree = "<group>";
		};
		D878A8942841DA56001CD2F9 /* Screen */ = {
			isa = PBXGroup;
			children = (
				D878A8952841DA6C001CD2F9 /* ScreenScene.swift */,
			);
			path = Screen;
			sourceTree = "<group>";
		};
		D87ED4D628349F3C00BA6DF4 /* Rules */ = {
			isa = PBXGroup;
			children = (
				D87ED4CE2832DCE800BA6DF4 /* WarRulesProtocol.swift */,
				D87ED4D02832E1E400BA6DF4 /* BaseWarRules.swift */,
				D87ED4D728349FED00BA6DF4 /* Mod10WarRules.swift */,
				D87ED4D92834A45400BA6DF4 /* MultiModWarRules.swift */,
			);
			path = Rules;
			sourceTree = "<group>";
		};
/* End PBXGroup section */

/* Begin PBXNativeTarget section */
		D8603836282F403500781EA5 /* numbermarch */ = {
			isa = PBXNativeTarget;
			buildConfigurationList = D8603861282F403600781EA5 /* Build configuration list for PBXNativeTarget "numbermarch" */;
			buildPhases = (
				D8603833282F403500781EA5 /* Sources */,
				D8603834282F403500781EA5 /* Frameworks */,
				D8603835282F403500781EA5 /* Resources */,
			);
			buildRules = (
			);
			dependencies = (
			);
			name = numbermarch;
			productName = numbermarch;
			productReference = D8603837282F403500781EA5 /* numbermarch.app */;
			productType = "com.apple.product-type.application";
		};
		D860384C282F403600781EA5 /* numbermarchTests */ = {
			isa = PBXNativeTarget;
			buildConfigurationList = D8603864282F403600781EA5 /* Build configuration list for PBXNativeTarget "numbermarchTests" */;
			buildPhases = (
				D8603849282F403600781EA5 /* Sources */,
				D860384A282F403600781EA5 /* Frameworks */,
				D860384B282F403600781EA5 /* Resources */,
			);
			buildRules = (
			);
			dependencies = (
				D860384F282F403600781EA5 /* PBXTargetDependency */,
			);
			name = numbermarchTests;
			productName = numbermarchTests;
			productReference = D860384D282F403600781EA5 /* numbermarchTests.xctest */;
			productType = "com.apple.product-type.bundle.unit-test";
		};
/* End PBXNativeTarget section */

/* Begin PBXProject section */
		D860382F282F403500781EA5 /* Project object */ = {
			isa = PBXProject;
			attributes = {
				BuildIndependentTargetsInParallel = 1;
				LastSwiftUpdateCheck = 1330;
				LastUpgradeCheck = 1330;
				TargetAttributes = {
					D8603836282F403500781EA5 = {
						CreatedOnToolsVersion = 13.3.1;
					};
					D860384C282F403600781EA5 = {
						CreatedOnToolsVersion = 13.3.1;
						TestTargetID = D8603836282F403500781EA5;
					};
				};
			};
			buildConfigurationList = D8603832282F403500781EA5 /* Build configuration list for PBXProject "numbermarch" */;
			compatibilityVersion = "Xcode 13.0";
			developmentRegion = en;
			hasScannedForEncodings = 0;
			knownRegions = (
				en,
				Base,
			);
			mainGroup = D860382E282F403500781EA5;
			productRefGroup = D8603838282F403500781EA5 /* Products */;
			projectDirPath = "";
			projectRoot = "";
			targets = (
				D8603836282F403500781EA5 /* numbermarch */,
				D860384C282F403600781EA5 /* numbermarchTests */,
			);
		};
/* End PBXProject section */

/* Begin PBXResourcesBuildPhase section */
		D8603835282F403500781EA5 /* Resources */ = {
			isa = PBXResourcesBuildPhase;
			buildActionMask = 2147483647;
			files = (
				D824E40B28416CD900C144F1 /* README.md in Resources */,
				D8603844282F403600781EA5 /* Assets.xcassets in Resources */,
				D86D00B328306ECC00113F26 /* LaunchScreen.storyboard in Resources */,
			);
			runOnlyForDeploymentPostprocessing = 0;
		};
		D860384B282F403600781EA5 /* Resources */ = {
			isa = PBXResourcesBuildPhase;
			buildActionMask = 2147483647;
			files = (
			);
			runOnlyForDeploymentPostprocessing = 0;
		};
/* End PBXResourcesBuildPhase section */

/* Begin PBXSourcesBuildPhase section */
		D8603833282F403500781EA5 /* Sources */ = {
			isa = PBXSourcesBuildPhase;
			buildActionMask = 2147483647;
			files = (
				D87ED4D32832E37E00BA6DF4 /* War.swift in Sources */,
				D878A8912841D5D1001CD2F9 /* ScreenProtocol.swift in Sources */,
				D87ED4CD2832D8DE00BA6DF4 /* String.swift in Sources */,
				D86D00932830393F00113F26 /* Presenter.swift in Sources */,
				D86D005928302EDB00113F26 /* GamePresenter.swift in Sources */,
				D86A48CA2838A1E900C3BE8D /* NumberNode.swift in Sources */,
				D82F3E302830862F00436EDF /* BattlefieldSceneDelegate.swift in Sources */,
				D86D009E2830398000113F26 /* UserInterface+SwiftUI.swift in Sources */,
				D8603876282F4C4900781EA5 /* BattleDelegate.swift in Sources */,
				D86D00AF28303D1100113F26 /* NSArray+PureLayout.m in Sources */,
				D878A8962841DA6C001CD2F9 /* ScreenScene.swift in Sources */,
				D86D0063283031B700113F26 /* BattlefieldScene.swift in Sources */,
				D8603874282F4B4F00781EA5 /* Enemy.swift in Sources */,
				D82F3E342830BF8700436EDF /* DigitalLivesNode.swift in Sources */,
				D87ED4CF2832DCE800BA6DF4 /* WarRulesProtocol.swift in Sources */,
				D824E4132841D02B00C144F1 /* CalculatorPresenter.swift in Sources */,
				D86D00AD28303D1100113F26 /* NSLayoutConstraint+PureLayout.m in Sources */,
				D86D005A28302EDB00113F26 /* GameRouter.swift in Sources */,
				D86D005C28302EDB00113F26 /* GameView.swift in Sources */,
				D824E4122841D02B00C144F1 /* CalculatorDisplayData.swift in Sources */,
				D82F3E2C28307AED00436EDF /* WarFactory.swift in Sources */,
				D860383B282F403500781EA5 /* AppDelegate.swift in Sources */,
				D86D005B28302EDB00113F26 /* GameInteractor.swift in Sources */,
				D82F3E38283226FB00436EDF /* CharacterNode.swift in Sources */,
				D86D00A12830398000113F26 /* UserInterface+Split.swift in Sources */,
				D86D00A02830398000113F26 /* String+.swift in Sources */,
				D86D00922830393F00113F26 /* Router.swift in Sources */,
				D86A48C8283840AD00C3BE8D /* DigitalCharacterNode.swift in Sources */,
				D816B5BC283D649000907412 /* GunNode.swift in Sources */,
				D86D00B128303E3D00113F26 /* AppModules.swift in Sources */,
				D86D005828302EDB00113F26 /* GameDisplayData.swift in Sources */,
				D82F3E3A2832343B00436EDF /* CGPointExtension.swift in Sources */,
				D82F3E2A2830783500436EDF /* UIColorExtension.swift in Sources */,
				D87ED4D828349FED00BA6DF4 /* Mod10WarRules.swift in Sources */,
				D82F3E3628317E0B00436EDF /* SKNodeExtension.swift in Sources */,
				D824E4152841D02B00C144F1 /* CalculatorModuleApi.swift in Sources */,
				D86D00952830393F00113F26 /* Module.swift in Sources */,
				D86A48CE2838A6A800C3BE8D /* EnemyNode.swift in Sources */,
				D86D006128302FE400113F26 /* DigitalCharacterEnemy.swift in Sources */,
				D86D00942830393F00113F26 /* ViperComponent.swift in Sources */,
				D86D00902830393F00113F26 /* Interactor.swift in Sources */,
				D86D00A22830398000113F26 /* UserInterface+Collection.swift in Sources */,
				D86D00972830393F00113F26 /* ViperitModule.swift in Sources */,
				D86D008F2830393F00113F26 /* DisplayData.swift in Sources */,
				D878A8932841D83F001CD2F9 /* KeyboardDelegate.swift in Sources */,
				D86D00912830393F00113F26 /* UserInterface.swift in Sources */,
				D824E4172841D02B00C144F1 /* CalculatorView.swift in Sources */,
				D82F3E2E28307B7E00436EDF /* WarService.swift in Sources */,
				D8603872282F4B3A00781EA5 /* Battle.swift in Sources */,
				D824E4142841D02B00C144F1 /* CalculatorRouter.swift in Sources */,
				D824E4162841D02B00C144F1 /* CalculatorInteractor.swift in Sources */,
				D86D00AE28303D1100113F26 /* ALView+PureLayout.m in Sources */,
				D86D00962830393F00113F26 /* ViperitError.swift in Sources */,
				D87ED4D12832E1E400BA6DF4 /* BaseWarRules.swift in Sources */,
				D87ED4DA2834A45400BA6DF4 /* MultiModWarRules.swift in Sources */,
				D86D009F2830398000113F26 /* UserInterface+Table.swift in Sources */,
			);
			runOnlyForDeploymentPostprocessing = 0;
		};
		D8603849282F403600781EA5 /* Sources */ = {
			isa = PBXSourcesBuildPhase;
			buildActionMask = 2147483647;
			files = (
				D87ED4D528337AF500BA6DF4 /* WarTests.swift in Sources */,
				D8603852282F403600781EA5 /* numbermarchTests.swift in Sources */,
			);
			runOnlyForDeploymentPostprocessing = 0;
		};
/* End PBXSourcesBuildPhase section */

/* Begin PBXTargetDependency section */
		D860384F282F403600781EA5 /* PBXTargetDependency */ = {
			isa = PBXTargetDependency;
			target = D8603836282F403500781EA5 /* numbermarch */;
			targetProxy = D860384E282F403600781EA5 /* PBXContainerItemProxy */;
		};
/* End PBXTargetDependency section */

/* Begin XCBuildConfiguration section */
		D860385F282F403600781EA5 /* Debug */ = {
			isa = XCBuildConfiguration;
			buildSettings = {
				ALWAYS_SEARCH_USER_PATHS = NO;
				CLANG_ANALYZER_NONNULL = YES;
				CLANG_ANALYZER_NUMBER_OBJECT_CONVERSION = YES_AGGRESSIVE;
				CLANG_CXX_LANGUAGE_STANDARD = "gnu++17";
				CLANG_ENABLE_MODULES = YES;
				CLANG_ENABLE_OBJC_ARC = YES;
				CLANG_ENABLE_OBJC_WEAK = YES;
				CLANG_WARN_BLOCK_CAPTURE_AUTORELEASING = YES;
				CLANG_WARN_BOOL_CONVERSION = YES;
				CLANG_WARN_COMMA = YES;
				CLANG_WARN_CONSTANT_CONVERSION = YES;
				CLANG_WARN_DEPRECATED_OBJC_IMPLEMENTATIONS = YES;
				CLANG_WARN_DIRECT_OBJC_ISA_USAGE = YES_ERROR;
				CLANG_WARN_DOCUMENTATION_COMMENTS = YES;
				CLANG_WARN_EMPTY_BODY = YES;
				CLANG_WARN_ENUM_CONVERSION = YES;
				CLANG_WARN_INFINITE_RECURSION = YES;
				CLANG_WARN_INT_CONVERSION = YES;
				CLANG_WARN_NON_LITERAL_NULL_CONVERSION = YES;
				CLANG_WARN_OBJC_IMPLICIT_RETAIN_SELF = YES;
				CLANG_WARN_OBJC_LITERAL_CONVERSION = YES;
				CLANG_WARN_OBJC_ROOT_CLASS = YES_ERROR;
				CLANG_WARN_QUOTED_INCLUDE_IN_FRAMEWORK_HEADER = YES;
				CLANG_WARN_RANGE_LOOP_ANALYSIS = YES;
				CLANG_WARN_STRICT_PROTOTYPES = YES;
				CLANG_WARN_SUSPICIOUS_MOVE = YES;
				CLANG_WARN_UNGUARDED_AVAILABILITY = YES_AGGRESSIVE;
				CLANG_WARN_UNREACHABLE_CODE = YES;
				CLANG_WARN__DUPLICATE_METHOD_MATCH = YES;
				COPY_PHASE_STRIP = NO;
				DEBUG_INFORMATION_FORMAT = dwarf;
				ENABLE_STRICT_OBJC_MSGSEND = YES;
				ENABLE_TESTABILITY = YES;
				GCC_C_LANGUAGE_STANDARD = gnu11;
				GCC_DYNAMIC_NO_PIC = NO;
				GCC_NO_COMMON_BLOCKS = YES;
				GCC_OPTIMIZATION_LEVEL = 0;
				GCC_PREPROCESSOR_DEFINITIONS = (
					"DEBUG=1",
					"$(inherited)",
				);
				GCC_WARN_64_TO_32_BIT_CONVERSION = YES;
				GCC_WARN_ABOUT_RETURN_TYPE = YES_ERROR;
				GCC_WARN_UNDECLARED_SELECTOR = YES;
				GCC_WARN_UNINITIALIZED_AUTOS = YES_AGGRESSIVE;
				GCC_WARN_UNUSED_FUNCTION = YES;
				GCC_WARN_UNUSED_VARIABLE = YES;
				INFOPLIST_KEY_UILaunchStoryboardName = "";
				IPHONEOS_DEPLOYMENT_TARGET = 15.2;
				MTL_ENABLE_DEBUG_INFO = INCLUDE_SOURCE;
				MTL_FAST_MATH = YES;
				ONLY_ACTIVE_ARCH = YES;
				SDKROOT = iphoneos;
				SWIFT_ACTIVE_COMPILATION_CONDITIONS = DEBUG;
				SWIFT_OPTIMIZATION_LEVEL = "-Onone";
			};
			name = Debug;
		};
		D8603860282F403600781EA5 /* Release */ = {
			isa = XCBuildConfiguration;
			buildSettings = {
				ALWAYS_SEARCH_USER_PATHS = NO;
				CLANG_ANALYZER_NONNULL = YES;
				CLANG_ANALYZER_NUMBER_OBJECT_CONVERSION = YES_AGGRESSIVE;
				CLANG_CXX_LANGUAGE_STANDARD = "gnu++17";
				CLANG_ENABLE_MODULES = YES;
				CLANG_ENABLE_OBJC_ARC = YES;
				CLANG_ENABLE_OBJC_WEAK = YES;
				CLANG_WARN_BLOCK_CAPTURE_AUTORELEASING = YES;
				CLANG_WARN_BOOL_CONVERSION = YES;
				CLANG_WARN_COMMA = YES;
				CLANG_WARN_CONSTANT_CONVERSION = YES;
				CLANG_WARN_DEPRECATED_OBJC_IMPLEMENTATIONS = YES;
				CLANG_WARN_DIRECT_OBJC_ISA_USAGE = YES_ERROR;
				CLANG_WARN_DOCUMENTATION_COMMENTS = YES;
				CLANG_WARN_EMPTY_BODY = YES;
				CLANG_WARN_ENUM_CONVERSION = YES;
				CLANG_WARN_INFINITE_RECURSION = YES;
				CLANG_WARN_INT_CONVERSION = YES;
				CLANG_WARN_NON_LITERAL_NULL_CONVERSION = YES;
				CLANG_WARN_OBJC_IMPLICIT_RETAIN_SELF = YES;
				CLANG_WARN_OBJC_LITERAL_CONVERSION = YES;
				CLANG_WARN_OBJC_ROOT_CLASS = YES_ERROR;
				CLANG_WARN_QUOTED_INCLUDE_IN_FRAMEWORK_HEADER = YES;
				CLANG_WARN_RANGE_LOOP_ANALYSIS = YES;
				CLANG_WARN_STRICT_PROTOTYPES = YES;
				CLANG_WARN_SUSPICIOUS_MOVE = YES;
				CLANG_WARN_UNGUARDED_AVAILABILITY = YES_AGGRESSIVE;
				CLANG_WARN_UNREACHABLE_CODE = YES;
				CLANG_WARN__DUPLICATE_METHOD_MATCH = YES;
				COPY_PHASE_STRIP = NO;
				DEBUG_INFORMATION_FORMAT = "dwarf-with-dsym";
				ENABLE_NS_ASSERTIONS = NO;
				ENABLE_STRICT_OBJC_MSGSEND = YES;
				GCC_C_LANGUAGE_STANDARD = gnu11;
				GCC_NO_COMMON_BLOCKS = YES;
				GCC_WARN_64_TO_32_BIT_CONVERSION = YES;
				GCC_WARN_ABOUT_RETURN_TYPE = YES_ERROR;
				GCC_WARN_UNDECLARED_SELECTOR = YES;
				GCC_WARN_UNINITIALIZED_AUTOS = YES_AGGRESSIVE;
				GCC_WARN_UNUSED_FUNCTION = YES;
				GCC_WARN_UNUSED_VARIABLE = YES;
				INFOPLIST_KEY_UILaunchStoryboardName = "";
				IPHONEOS_DEPLOYMENT_TARGET = 15.2;
				MTL_ENABLE_DEBUG_INFO = NO;
				MTL_FAST_MATH = YES;
				SDKROOT = iphoneos;
				SWIFT_COMPILATION_MODE = wholemodule;
				SWIFT_OPTIMIZATION_LEVEL = "-O";
				VALIDATE_PRODUCT = YES;
			};
			name = Release;
		};
		D8603862282F403600781EA5 /* Debug */ = {
			isa = XCBuildConfiguration;
			buildSettings = {
				ASSETCATALOG_COMPILER_APPICON_NAME = AppIcon;
				ASSETCATALOG_COMPILER_GLOBAL_ACCENT_COLOR_NAME = AccentColor;
				CODE_SIGN_STYLE = Automatic;
				CURRENT_PROJECT_VERSION = 1;
				DEVELOPMENT_TEAM = 2DTZ6ESMX9;
				GENERATE_INFOPLIST_FILE = YES;
				INFOPLIST_FILE = numbermarch/Info.plist;
				INFOPLIST_KEY_UIApplicationSupportsIndirectInputEvents = YES;
				INFOPLIST_KEY_UILaunchStoryboardName = LaunchScreen.storyboard;
				INFOPLIST_KEY_UIMainStoryboardFile = "";
				INFOPLIST_KEY_UISupportedInterfaceOrientations_iPad = "UIInterfaceOrientationPortrait UIInterfaceOrientationPortraitUpsideDown UIInterfaceOrientationLandscapeLeft UIInterfaceOrientationLandscapeRight";
				INFOPLIST_KEY_UISupportedInterfaceOrientations_iPhone = "UIInterfaceOrientationPortrait UIInterfaceOrientationLandscapeLeft UIInterfaceOrientationLandscapeRight";
				LD_RUNPATH_SEARCH_PATHS = (
					"$(inherited)",
					"@executable_path/Frameworks",
				);
				MARKETING_VERSION = 1.0;
				PRODUCT_BUNDLE_IDENTIFIER = andrewtokeley.numbermarch;
				PRODUCT_NAME = "$(TARGET_NAME)";
				SWIFT_EMIT_LOC_STRINGS = YES;
				SWIFT_OBJC_BRIDGING_HEADER = "numbermarch/numbermarch-Bridging-Header.h";
				SWIFT_VERSION = 5.0;
				TARGETED_DEVICE_FAMILY = "1,2";
			};
			name = Debug;
		};
		D8603863282F403600781EA5 /* Release */ = {
			isa = XCBuildConfiguration;
			buildSettings = {
				ASSETCATALOG_COMPILER_APPICON_NAME = AppIcon;
				ASSETCATALOG_COMPILER_GLOBAL_ACCENT_COLOR_NAME = AccentColor;
				CODE_SIGN_STYLE = Automatic;
				CURRENT_PROJECT_VERSION = 1;
				DEVELOPMENT_TEAM = 2DTZ6ESMX9;
				GENERATE_INFOPLIST_FILE = YES;
				INFOPLIST_FILE = numbermarch/Info.plist;
				INFOPLIST_KEY_UIApplicationSupportsIndirectInputEvents = YES;
				INFOPLIST_KEY_UILaunchStoryboardName = LaunchScreen.storyboard;
				INFOPLIST_KEY_UIMainStoryboardFile = "";
				INFOPLIST_KEY_UISupportedInterfaceOrientations_iPad = "UIInterfaceOrientationPortrait UIInterfaceOrientationPortraitUpsideDown UIInterfaceOrientationLandscapeLeft UIInterfaceOrientationLandscapeRight";
				INFOPLIST_KEY_UISupportedInterfaceOrientations_iPhone = "UIInterfaceOrientationPortrait UIInterfaceOrientationLandscapeLeft UIInterfaceOrientationLandscapeRight";
				LD_RUNPATH_SEARCH_PATHS = (
					"$(inherited)",
					"@executable_path/Frameworks",
				);
				MARKETING_VERSION = 1.0;
				PRODUCT_BUNDLE_IDENTIFIER = andrewtokeley.numbermarch;
				PRODUCT_NAME = "$(TARGET_NAME)";
				SWIFT_EMIT_LOC_STRINGS = YES;
				SWIFT_OBJC_BRIDGING_HEADER = "numbermarch/numbermarch-Bridging-Header.h";
				SWIFT_VERSION = 5.0;
				TARGETED_DEVICE_FAMILY = "1,2";
			};
			name = Release;
		};
		D8603865282F403600781EA5 /* Debug */ = {
			isa = XCBuildConfiguration;
			buildSettings = {
				ALWAYS_EMBED_SWIFT_STANDARD_LIBRARIES = YES;
				BUNDLE_LOADER = "$(TEST_HOST)";
				CODE_SIGN_STYLE = Automatic;
				CURRENT_PROJECT_VERSION = 1;
				DEVELOPMENT_TEAM = 2DTZ6ESMX9;
				GENERATE_INFOPLIST_FILE = YES;
				IPHONEOS_DEPLOYMENT_TARGET = 15.4;
				MARKETING_VERSION = 1.0;
				PRODUCT_BUNDLE_IDENTIFIER = andrewtokeley.numbermarchTests;
				PRODUCT_NAME = "$(TARGET_NAME)";
				SWIFT_EMIT_LOC_STRINGS = NO;
				SWIFT_VERSION = 5.0;
				TARGETED_DEVICE_FAMILY = "1,2";
				TEST_HOST = "$(BUILT_PRODUCTS_DIR)/numbermarch.app/numbermarch";
			};
			name = Debug;
		};
		D8603866282F403600781EA5 /* Release */ = {
			isa = XCBuildConfiguration;
			buildSettings = {
				ALWAYS_EMBED_SWIFT_STANDARD_LIBRARIES = YES;
				BUNDLE_LOADER = "$(TEST_HOST)";
				CODE_SIGN_STYLE = Automatic;
				CURRENT_PROJECT_VERSION = 1;
				DEVELOPMENT_TEAM = 2DTZ6ESMX9;
				GENERATE_INFOPLIST_FILE = YES;
				IPHONEOS_DEPLOYMENT_TARGET = 15.4;
				MARKETING_VERSION = 1.0;
				PRODUCT_BUNDLE_IDENTIFIER = andrewtokeley.numbermarchTests;
				PRODUCT_NAME = "$(TARGET_NAME)";
				SWIFT_EMIT_LOC_STRINGS = NO;
				SWIFT_VERSION = 5.0;
				TARGETED_DEVICE_FAMILY = "1,2";
				TEST_HOST = "$(BUILT_PRODUCTS_DIR)/numbermarch.app/numbermarch";
			};
			name = Release;
		};
/* End XCBuildConfiguration section */

/* Begin XCConfigurationList section */
		D8603832282F403500781EA5 /* Build configuration list for PBXProject "numbermarch" */ = {
			isa = XCConfigurationList;
			buildConfigurations = (
				D860385F282F403600781EA5 /* Debug */,
				D8603860282F403600781EA5 /* Release */,
			);
			defaultConfigurationIsVisible = 0;
			defaultConfigurationName = Release;
		};
		D8603861282F403600781EA5 /* Build configuration list for PBXNativeTarget "numbermarch" */ = {
			isa = XCConfigurationList;
			buildConfigurations = (
				D8603862282F403600781EA5 /* Debug */,
				D8603863282F403600781EA5 /* Release */,
			);
			defaultConfigurationIsVisible = 0;
			defaultConfigurationName = Release;
		};
		D8603864282F403600781EA5 /* Build configuration list for PBXNativeTarget "numbermarchTests" */ = {
			isa = XCConfigurationList;
			buildConfigurations = (
				D8603865282F403600781EA5 /* Debug */,
				D8603866282F403600781EA5 /* Release */,
			);
			defaultConfigurationIsVisible = 0;
			defaultConfigurationName = Release;
		};
/* End XCConfigurationList section */
	};
	rootObject = D860382F282F403500781EA5 /* Project object */;
}
