// !$*UTF8*$!
{
	archiveVersion = 1;
	classes = {
	};
	objectVersion = 55;
	objects = {

/* Begin PBXBuildFile section */
		D860383B282F403500781EA5 /* AppDelegate.swift in Sources */ = {isa = PBXBuildFile; fileRef = D860383A282F403500781EA5 /* AppDelegate.swift */; };
		D860383D282F403500781EA5 /* SceneDelegate.swift in Sources */ = {isa = PBXBuildFile; fileRef = D860383C282F403500781EA5 /* SceneDelegate.swift */; };
		D860383F282F403500781EA5 /* ViewController.swift in Sources */ = {isa = PBXBuildFile; fileRef = D860383E282F403500781EA5 /* ViewController.swift */; };
		D8603842282F403500781EA5 /* Main.storyboard in Resources */ = {isa = PBXBuildFile; fileRef = D8603840282F403500781EA5 /* Main.storyboard */; };
		D8603844282F403600781EA5 /* Assets.xcassets in Resources */ = {isa = PBXBuildFile; fileRef = D8603843282F403600781EA5 /* Assets.xcassets */; };
		D8603847282F403600781EA5 /* LaunchScreen.storyboard in Resources */ = {isa = PBXBuildFile; fileRef = D8603845282F403600781EA5 /* LaunchScreen.storyboard */; };
		D8603852282F403600781EA5 /* numbermarchTests.swift in Sources */ = {isa = PBXBuildFile; fileRef = D8603851282F403600781EA5 /* numbermarchTests.swift */; };
		D860385C282F403600781EA5 /* numbermarchUITests.swift in Sources */ = {isa = PBXBuildFile; fileRef = D860385B282F403600781EA5 /* numbermarchUITests.swift */; };
		D860385E282F403600781EA5 /* numbermarchUITestsLaunchTests.swift in Sources */ = {isa = PBXBuildFile; fileRef = D860385D282F403600781EA5 /* numbermarchUITestsLaunchTests.swift */; };
/* End PBXBuildFile section */

/* Begin PBXContainerItemProxy section */
		D860384E282F403600781EA5 /* PBXContainerItemProxy */ = {
			isa = PBXContainerItemProxy;
			containerPortal = D860382F282F403500781EA5 /* Project object */;
			proxyType = 1;
			remoteGlobalIDString = D8603836282F403500781EA5;
			remoteInfo = numbermarch;
		};
		D8603858282F403600781EA5 /* PBXContainerItemProxy */ = {
			isa = PBXContainerItemProxy;
			containerPortal = D860382F282F403500781EA5 /* Project object */;
			proxyType = 1;
			remoteGlobalIDString = D8603836282F403500781EA5;
			remoteInfo = numbermarch;
		};
/* End PBXContainerItemProxy section */

/* Begin PBXFileReference section */
		D8603837282F403500781EA5 /* numbermarch.app */ = {isa = PBXFileReference; explicitFileType = wrapper.application; includeInIndex = 0; path = numbermarch.app; sourceTree = BUILT_PRODUCTS_DIR; };
		D860383A282F403500781EA5 /* AppDelegate.swift */ = {isa = PBXFileReference; lastKnownFileType = sourcecode.swift; path = AppDelegate.swift; sourceTree = "<group>"; };
		D860383C282F403500781EA5 /* SceneDelegate.swift */ = {isa = PBXFileReference; lastKnownFileType = sourcecode.swift; path = SceneDelegate.swift; sourceTree = "<group>"; };
		D860383E282F403500781EA5 /* ViewController.swift */ = {isa = PBXFileReference; lastKnownFileType = sourcecode.swift; path = ViewController.swift; sourceTree = "<group>"; };
		D8603841282F403500781EA5 /* Base */ = {isa = PBXFileReference; lastKnownFileType = file.storyboard; name = Base; path = Base.lproj/Main.storyboard; sourceTree = "<group>"; };
		D8603843282F403600781EA5 /* Assets.xcassets */ = {isa = PBXFileReference; lastKnownFileType = folder.assetcatalog; path = Assets.xcassets; sourceTree = "<group>"; };
		D8603846282F403600781EA5 /* Base */ = {isa = PBXFileReference; lastKnownFileType = file.storyboard; name = Base; path = Base.lproj/LaunchScreen.storyboard; sourceTree = "<group>"; };
		D8603848282F403600781EA5 /* Info.plist */ = {isa = PBXFileReference; lastKnownFileType = text.plist.xml; path = Info.plist; sourceTree = "<group>"; };
		D860384D282F403600781EA5 /* numbermarchTests.xctest */ = {isa = PBXFileReference; explicitFileType = wrapper.cfbundle; includeInIndex = 0; path = numbermarchTests.xctest; sourceTree = BUILT_PRODUCTS_DIR; };
		D8603851282F403600781EA5 /* numbermarchTests.swift */ = {isa = PBXFileReference; lastKnownFileType = sourcecode.swift; path = numbermarchTests.swift; sourceTree = "<group>"; };
		D8603857282F403600781EA5 /* numbermarchUITests.xctest */ = {isa = PBXFileReference; explicitFileType = wrapper.cfbundle; includeInIndex = 0; path = numbermarchUITests.xctest; sourceTree = BUILT_PRODUCTS_DIR; };
		D860385B282F403600781EA5 /* numbermarchUITests.swift */ = {isa = PBXFileReference; lastKnownFileType = sourcecode.swift; path = numbermarchUITests.swift; sourceTree = "<group>"; };
		D860385D282F403600781EA5 /* numbermarchUITestsLaunchTests.swift */ = {isa = PBXFileReference; lastKnownFileType = sourcecode.swift; path = numbermarchUITestsLaunchTests.swift; sourceTree = "<group>"; };
/* End PBXFileReference section */

/* Begin PBXFrameworksBuildPhase section */
		D8603834282F403500781EA5 /* Frameworks */ = {
			isa = PBXFrameworksBuildPhase;
			buildActionMask = 2147483647;
			files = (
			);
			runOnlyForDeploymentPostprocessing = 0;
		};
		D860384A282F403600781EA5 /* Frameworks */ = {
			isa = PBXFrameworksBuildPhase;
			buildActionMask = 2147483647;
			files = (
			);
			runOnlyForDeploymentPostprocessing = 0;
		};
		D8603854282F403600781EA5 /* Frameworks */ = {
			isa = PBXFrameworksBuildPhase;
			buildActionMask = 2147483647;
			files = (
			);
			runOnlyForDeploymentPostprocessing = 0;
		};
/* End PBXFrameworksBuildPhase section */

/* Begin PBXGroup section */
		D860382E282F403500781EA5 = {
			isa = PBXGroup;
			children = (
				D8603839282F403500781EA5 /* numbermarch */,
				D8603850282F403600781EA5 /* numbermarchTests */,
				D860385A282F403600781EA5 /* numbermarchUITests */,
				D8603838282F403500781EA5 /* Products */,
			);
			sourceTree = "<group>";
		};
		D8603838282F403500781EA5 /* Products */ = {
			isa = PBXGroup;
			children = (
				D8603837282F403500781EA5 /* numbermarch.app */,
				D860384D282F403600781EA5 /* numbermarchTests.xctest */,
				D8603857282F403600781EA5 /* numbermarchUITests.xctest */,
			);
			name = Products;
			sourceTree = "<group>";
		};
		D8603839282F403500781EA5 /* numbermarch */ = {
			isa = PBXGroup;
			children = (
				D860383A282F403500781EA5 /* AppDelegate.swift */,
				D860383C282F403500781EA5 /* SceneDelegate.swift */,
				D860383E282F403500781EA5 /* ViewController.swift */,
				D8603840282F403500781EA5 /* Main.storyboard */,
				D8603843282F403600781EA5 /* Assets.xcassets */,
				D8603845282F403600781EA5 /* LaunchScreen.storyboard */,
				D8603848282F403600781EA5 /* Info.plist */,
			);
			path = numbermarch;
			sourceTree = "<group>";
		};
		D8603850282F403600781EA5 /* numbermarchTests */ = {
			isa = PBXGroup;
			children = (
				D8603851282F403600781EA5 /* numbermarchTests.swift */,
			);
			path = numbermarchTests;
			sourceTree = "<group>";
		};
		D860385A282F403600781EA5 /* numbermarchUITests */ = {
			isa = PBXGroup;
			children = (
				D860385B282F403600781EA5 /* numbermarchUITests.swift */,
				D860385D282F403600781EA5 /* numbermarchUITestsLaunchTests.swift */,
			);
			path = numbermarchUITests;
			sourceTree = "<group>";
		};
/* End PBXGroup section */

/* Begin PBXNativeTarget section */
		D8603836282F403500781EA5 /* numbermarch */ = {
			isa = PBXNativeTarget;
			buildConfigurationList = D8603861282F403600781EA5 /* Build configuration list for PBXNativeTarget "numbermarch" */;
			buildPhases = (
				D8603833282F403500781EA5 /* Sources */,
				D8603834282F403500781EA5 /* Frameworks */,
				D8603835282F403500781EA5 /* Resources */,
			);
			buildRules = (
			);
			dependencies = (
			);
			name = numbermarch;
			productName = numbermarch;
			productReference = D8603837282F403500781EA5 /* numbermarch.app */;
			productType = "com.apple.product-type.application";
		};
		D860384C282F403600781EA5 /* numbermarchTests */ = {
			isa = PBXNativeTarget;
			buildConfigurationList = D8603864282F403600781EA5 /* Build configuration list for PBXNativeTarget "numbermarchTests" */;
			buildPhases = (
				D8603849282F403600781EA5 /* Sources */,
				D860384A282F403600781EA5 /* Frameworks */,
				D860384B282F403600781EA5 /* Resources */,
			);
			buildRules = (
			);
			dependencies = (
				D860384F282F403600781EA5 /* PBXTargetDependency */,
			);
			name = numbermarchTests;
			productName = numbermarchTests;
			productReference = D860384D282F403600781EA5 /* numbermarchTests.xctest */;
			productType = "com.apple.product-type.bundle.unit-test";
		};
		D8603856282F403600781EA5 /* numbermarchUITests */ = {
			isa = PBXNativeTarget;
			buildConfigurationList = D8603867282F403600781EA5 /* Build configuration list for PBXNativeTarget "numbermarchUITests" */;
			buildPhases = (
				D8603853282F403600781EA5 /* Sources */,
				D8603854282F403600781EA5 /* Frameworks */,
				D8603855282F403600781EA5 /* Resources */,
			);
			buildRules = (
			);
			dependencies = (
				D8603859282F403600781EA5 /* PBXTargetDependency */,
			);
			name = numbermarchUITests;
			productName = numbermarchUITests;
			productReference = D8603857282F403600781EA5 /* numbermarchUITests.xctest */;
			productType = "com.apple.product-type.bundle.ui-testing";
		};
/* End PBXNativeTarget section */

/* Begin PBXProject section */
		D860382F282F403500781EA5 /* Project object */ = {
			isa = PBXProject;
			attributes = {
				BuildIndependentTargetsInParallel = 1;
				LastSwiftUpdateCheck = 1330;
				LastUpgradeCheck = 1330;
				TargetAttributes = {
					D8603836282F403500781EA5 = {
						CreatedOnToolsVersion = 13.3.1;
					};
					D860384C282F403600781EA5 = {
						CreatedOnToolsVersion = 13.3.1;
						TestTargetID = D8603836282F403500781EA5;
					};
					D8603856282F403600781EA5 = {
						CreatedOnToolsVersion = 13.3.1;
						TestTargetID = D8603836282F403500781EA5;
					};
				};
			};
			buildConfigurationList = D8603832282F403500781EA5 /* Build configuration list for PBXProject "numbermarch" */;
			compatibilityVersion = "Xcode 13.0";
			developmentRegion = en;
			hasScannedForEncodings = 0;
			knownRegions = (
				en,
				Base,
			);
			mainGroup = D860382E282F403500781EA5;
			productRefGroup = D8603838282F403500781EA5 /* Products */;
			projectDirPath = "";
			projectRoot = "";
			targets = (
				D8603836282F403500781EA5 /* numbermarch */,
				D860384C282F403600781EA5 /* numbermarchTests */,
				D8603856282F403600781EA5 /* numbermarchUITests */,
			);
		};
/* End PBXProject section */

/* Begin PBXResourcesBuildPhase section */
		D8603835282F403500781EA5 /* Resources */ = {
			isa = PBXResourcesBuildPhase;
			buildActionMask = 2147483647;
			files = (
				D8603847282F403600781EA5 /* LaunchScreen.storyboard in Resources */,
				D8603844282F403600781EA5 /* Assets.xcassets in Resources */,
				D8603842282F403500781EA5 /* Main.storyboard in Resources */,
			);
			runOnlyForDeploymentPostprocessing = 0;
		};
		D860384B282F403600781EA5 /* Resources */ = {
			isa = PBXResourcesBuildPhase;
			buildActionMask = 2147483647;
			files = (
			);
			runOnlyForDeploymentPostprocessing = 0;
		};
		D8603855282F403600781EA5 /* Resources */ = {
			isa = PBXResourcesBuildPhase;
			buildActionMask = 2147483647;
			files = (
			);
			runOnlyForDeploymentPostprocessing = 0;
		};
/* End PBXResourcesBuildPhase section */

/* Begin PBXSourcesBuildPhase section */
		D8603833282F403500781EA5 /* Sources */ = {
			isa = PBXSourcesBuildPhase;
			buildActionMask = 2147483647;
			files = (
				D860383F282F403500781EA5 /* ViewController.swift in Sources */,
				D860383B282F403500781EA5 /* AppDelegate.swift in Sources */,
				D860383D282F403500781EA5 /* SceneDelegate.swift in Sources */,
			);
			runOnlyForDeploymentPostprocessing = 0;
		};
		D8603849282F403600781EA5 /* Sources */ = {
			isa = PBXSourcesBuildPhase;
			buildActionMask = 2147483647;
			files = (
				D8603852282F403600781EA5 /* numbermarchTests.swift in Sources */,
			);
			runOnlyForDeploymentPostprocessing = 0;
		};
		D8603853282F403600781EA5 /* Sources */ = {
			isa = PBXSourcesBuildPhase;
			buildActionMask = 2147483647;
			files = (
				D860385C282F403600781EA5 /* numbermarchUITests.swift in Sources */,
				D860385E282F403600781EA5 /* numbermarchUITestsLaunchTests.swift in Sources */,
			);
			runOnlyForDeploymentPostprocessing = 0;
		};
/* End PBXSourcesBuildPhase section */

/* Begin PBXTargetDependency section */
		D860384F282F403600781EA5 /* PBXTargetDependency */ = {
			isa = PBXTargetDependency;
			target = D8603836282F403500781EA5 /* numbermarch */;
			targetProxy = D860384E282F403600781EA5 /* PBXContainerItemProxy */;
		};
		D8603859282F403600781EA5 /* PBXTargetDependency */ = {
			isa = PBXTargetDependency;
			target = D8603836282F403500781EA5 /* numbermarch */;
			targetProxy = D8603858282F403600781EA5 /* PBXContainerItemProxy */;
		};
/* End PBXTargetDependency section */

/* Begin PBXVariantGroup section */
		D8603840282F403500781EA5 /* Main.storyboard */ = {
			isa = PBXVariantGroup;
			children = (
				D8603841282F403500781EA5 /* Base */,
			);
			name = Main.storyboard;
			sourceTree = "<group>";
		};
		D8603845282F403600781EA5 /* LaunchScreen.storyboard */ = {
			isa = PBXVariantGroup;
			children = (
				D8603846282F403600781EA5 /* Base */,
			);
			name = LaunchScreen.storyboard;
			sourceTree = "<group>";
		};
/* End PBXVariantGroup section */

/* Begin XCBuildConfiguration section */
		D860385F282F403600781EA5 /* Debug */ = {
			isa = XCBuildConfiguration;
			buildSettings = {
				ALWAYS_SEARCH_USER_PATHS = NO;
				CLANG_ANALYZER_NONNULL = YES;
				CLANG_ANALYZER_NUMBER_OBJECT_CONVERSION = YES_AGGRESSIVE;
				CLANG_CXX_LANGUAGE_STANDARD = "gnu++17";
				CLANG_ENABLE_MODULES = YES;
				CLANG_ENABLE_OBJC_ARC = YES;
				CLANG_ENABLE_OBJC_WEAK = YES;
				CLANG_WARN_BLOCK_CAPTURE_AUTORELEASING = YES;
				CLANG_WARN_BOOL_CONVERSION = YES;
				CLANG_WARN_COMMA = YES;
				CLANG_WARN_CONSTANT_CONVERSION = YES;
				CLANG_WARN_DEPRECATED_OBJC_IMPLEMENTATIONS = YES;
				CLANG_WARN_DIRECT_OBJC_ISA_USAGE = YES_ERROR;
				CLANG_WARN_DOCUMENTATION_COMMENTS = YES;
				CLANG_WARN_EMPTY_BODY = YES;
				CLANG_WARN_ENUM_CONVERSION = YES;
				CLANG_WARN_INFINITE_RECURSION = YES;
				CLANG_WARN_INT_CONVERSION = YES;
				CLANG_WARN_NON_LITERAL_NULL_CONVERSION = YES;
				CLANG_WARN_OBJC_IMPLICIT_RETAIN_SELF = YES;
				CLANG_WARN_OBJC_LITERAL_CONVERSION = YES;
				CLANG_WARN_OBJC_ROOT_CLASS = YES_ERROR;
				CLANG_WARN_QUOTED_INCLUDE_IN_FRAMEWORK_HEADER = YES;
				CLANG_WARN_RANGE_LOOP_ANALYSIS = YES;
				CLANG_WARN_STRICT_PROTOTYPES = YES;
				CLANG_WARN_SUSPICIOUS_MOVE = YES;
				CLANG_WARN_UNGUARDED_AVAILABILITY = YES_AGGRESSIVE;
				CLANG_WARN_UNREACHABLE_CODE = YES;
				CLANG_WARN__DUPLICATE_METHOD_MATCH = YES;
				COPY_PHASE_STRIP = NO;
				DEBUG_INFORMATION_FORMAT = dwarf;
				ENABLE_STRICT_OBJC_MSGSEND = YES;
				ENABLE_TESTABILITY = YES;
				GCC_C_LANGUAGE_STANDARD = gnu11;
				GCC_DYNAMIC_NO_PIC = NO;
				GCC_NO_COMMON_BLOCKS = YES;
				GCC_OPTIMIZATION_LEVEL = 0;
				GCC_PREPROCESSOR_DEFINITIONS = (
					"DEBUG=1",
					"$(inherited)",
				);
				GCC_WARN_64_TO_32_BIT_CONVERSION = YES;
				GCC_WARN_ABOUT_RETURN_TYPE = YES_ERROR;
				GCC_WARN_UNDECLARED_SELECTOR = YES;
				GCC_WARN_UNINITIALIZED_AUTOS = YES_AGGRESSIVE;
				GCC_WARN_UNUSED_FUNCTION = YES;
				GCC_WARN_UNUSED_VARIABLE = YES;
				IPHONEOS_DEPLOYMENT_TARGET = 15.4;
				MTL_ENABLE_DEBUG_INFO = INCLUDE_SOURCE;
				MTL_FAST_MATH = YES;
				ONLY_ACTIVE_ARCH = YES;
				SDKROOT = iphoneos;
				SWIFT_ACTIVE_COMPILATION_CONDITIONS = DEBUG;
				SWIFT_OPTIMIZATION_LEVEL = "-Onone";
			};
			name = Debug;
		};
		D8603860282F403600781EA5 /* Release */ = {
			isa = XCBuildConfiguration;
			buildSettings = {
				ALWAYS_SEARCH_USER_PATHS = NO;
				CLANG_ANALYZER_NONNULL = YES;
				CLANG_ANALYZER_NUMBER_OBJECT_CONVERSION = YES_AGGRESSIVE;
				CLANG_CXX_LANGUAGE_STANDARD = "gnu++17";
				CLANG_ENABLE_MODULES = YES;
				CLANG_ENABLE_OBJC_ARC = YES;
				CLANG_ENABLE_OBJC_WEAK = YES;
				CLANG_WARN_BLOCK_CAPTURE_AUTORELEASING = YES;
				CLANG_WARN_BOOL_CONVERSION = YES;
				CLANG_WARN_COMMA = YES;
				CLANG_WARN_CONSTANT_CONVERSION = YES;
				CLANG_WARN_DEPRECATED_OBJC_IMPLEMENTATIONS = YES;
				CLANG_WARN_DIRECT_OBJC_ISA_USAGE = YES_ERROR;
				CLANG_WARN_DOCUMENTATION_COMMENTS = YES;
				CLANG_WARN_EMPTY_BODY = YES;
				CLANG_WARN_ENUM_CONVERSION = YES;
				CLANG_WARN_INFINITE_RECURSION = YES;
				CLANG_WARN_INT_CONVERSION = YES;
				CLANG_WARN_NON_LITERAL_NULL_CONVERSION = YES;
				CLANG_WARN_OBJC_IMPLICIT_RETAIN_SELF = YES;
				CLANG_WARN_OBJC_LITERAL_CONVERSION = YES;
				CLANG_WARN_OBJC_ROOT_CLASS = YES_ERROR;
				CLANG_WARN_QUOTED_INCLUDE_IN_FRAMEWORK_HEADER = YES;
				CLANG_WARN_RANGE_LOOP_ANALYSIS = YES;
				CLANG_WARN_STRICT_PROTOTYPES = YES;
				CLANG_WARN_SUSPICIOUS_MOVE = YES;
				CLANG_WARN_UNGUARDED_AVAILABILITY = YES_AGGRESSIVE;
				CLANG_WARN_UNREACHABLE_CODE = YES;
				CLANG_WARN__DUPLICATE_METHOD_MATCH = YES;
				COPY_PHASE_STRIP = NO;
				DEBUG_INFORMATION_FORMAT = "dwarf-with-dsym";
				ENABLE_NS_ASSERTIONS = NO;
				ENABLE_STRICT_OBJC_MSGSEND = YES;
				GCC_C_LANGUAGE_STANDARD = gnu11;
				GCC_NO_COMMON_BLOCKS = YES;
				GCC_WARN_64_TO_32_BIT_CONVERSION = YES;
				GCC_WARN_ABOUT_RETURN_TYPE = YES_ERROR;
				GCC_WARN_UNDECLARED_SELECTOR = YES;
				GCC_WARN_UNINITIALIZED_AUTOS = YES_AGGRESSIVE;
				GCC_WARN_UNUSED_FUNCTION = YES;
				GCC_WARN_UNUSED_VARIABLE = YES;
				IPHONEOS_DEPLOYMENT_TARGET = 15.4;
				MTL_ENABLE_DEBUG_INFO = NO;
				MTL_FAST_MATH = YES;
				SDKROOT = iphoneos;
				SWIFT_COMPILATION_MODE = wholemodule;
				SWIFT_OPTIMIZATION_LEVEL = "-O";
				VALIDATE_PRODUCT = YES;
			};
			name = Release;
		};
		D8603862282F403600781EA5 /* Debug */ = {
			isa = XCBuildConfiguration;
			buildSettings = {
				ASSETCATALOG_COMPILER_APPICON_NAME = AppIcon;
				ASSETCATALOG_COMPILER_GLOBAL_ACCENT_COLOR_NAME = AccentColor;
				CODE_SIGN_STYLE = Automatic;
				CURRENT_PROJECT_VERSION = 1;
				DEVELOPMENT_TEAM = 2DTZ6ESMX9;
				GENERATE_INFOPLIST_FILE = YES;
				INFOPLIST_FILE = numbermarch/Info.plist;
				INFOPLIST_KEY_UIApplicationSupportsIndirectInputEvents = YES;
				INFOPLIST_KEY_UILaunchStoryboardName = LaunchScreen;
				INFOPLIST_KEY_UIMainStoryboardFile = Main;
				INFOPLIST_KEY_UISupportedInterfaceOrientations_iPad = "UIInterfaceOrientationPortrait UIInterfaceOrientationPortraitUpsideDown UIInterfaceOrientationLandscapeLeft UIInterfaceOrientationLandscapeRight";
				INFOPLIST_KEY_UISupportedInterfaceOrientations_iPhone = "UIInterfaceOrientationPortrait UIInterfaceOrientationLandscapeLeft UIInterfaceOrientationLandscapeRight";
				LD_RUNPATH_SEARCH_PATHS = (
					"$(inherited)",
					"@executable_path/Frameworks",
				);
				MARKETING_VERSION = 1.0;
				PRODUCT_BUNDLE_IDENTIFIER = andrewtokeley.numbermarch;
				PRODUCT_NAME = "$(TARGET_NAME)";
				SWIFT_EMIT_LOC_STRINGS = YES;
				SWIFT_VERSION = 5.0;
				TARGETED_DEVICE_FAMILY = "1,2";
			};
			name = Debug;
		};
		D8603863282F403600781EA5 /* Release */ = {
			isa = XCBuildConfiguration;
			buildSettings = {
				ASSETCATALOG_COMPILER_APPICON_NAME = AppIcon;
				ASSETCATALOG_COMPILER_GLOBAL_ACCENT_COLOR_NAME = AccentColor;
				CODE_SIGN_STYLE = Automatic;
				CURRENT_PROJECT_VERSION = 1;
				DEVELOPMENT_TEAM = 2DTZ6ESMX9;
				GENERATE_INFOPLIST_FILE = YES;
				INFOPLIST_FILE = numbermarch/Info.plist;
				INFOPLIST_KEY_UIApplicationSupportsIndirectInputEvents = YES;
				INFOPLIST_KEY_UILaunchStoryboardName = LaunchScreen;
				INFOPLIST_KEY_UIMainStoryboardFile = Main;
				INFOPLIST_KEY_UISupportedInterfaceOrientations_iPad = "UIInterfaceOrientationPortrait UIInterfaceOrientationPortraitUpsideDown UIInterfaceOrientationLandscapeLeft UIInterfaceOrientationLandscapeRight";
				INFOPLIST_KEY_UISupportedInterfaceOrientations_iPhone = "UIInterfaceOrientationPortrait UIInterfaceOrientationLandscapeLeft UIInterfaceOrientationLandscapeRight";
				LD_RUNPATH_SEARCH_PATHS = (
					"$(inherited)",
					"@executable_path/Frameworks",
				);
				MARKETING_VERSION = 1.0;
				PRODUCT_BUNDLE_IDENTIFIER = andrewtokeley.numbermarch;
				PRODUCT_NAME = "$(TARGET_NAME)";
				SWIFT_EMIT_LOC_STRINGS = YES;
				SWIFT_VERSION = 5.0;
				TARGETED_DEVICE_FAMILY = "1,2";
			};
			name = Release;
		};
		D8603865282F403600781EA5 /* Debug */ = {
			isa = XCBuildConfiguration;
			buildSettings = {
				ALWAYS_EMBED_SWIFT_STANDARD_LIBRARIES = YES;
				BUNDLE_LOADER = "$(TEST_HOST)";
				CODE_SIGN_STYLE = Automatic;
				CURRENT_PROJECT_VERSION = 1;
				DEVELOPMENT_TEAM = 2DTZ6ESMX9;
				GENERATE_INFOPLIST_FILE = YES;
				IPHONEOS_DEPLOYMENT_TARGET = 15.4;
				MARKETING_VERSION = 1.0;
				PRODUCT_BUNDLE_IDENTIFIER = andrewtokeley.numbermarchTests;
				PRODUCT_NAME = "$(TARGET_NAME)";
				SWIFT_EMIT_LOC_STRINGS = NO;
				SWIFT_VERSION = 5.0;
				TARGETED_DEVICE_FAMILY = "1,2";
				TEST_HOST = "$(BUILT_PRODUCTS_DIR)/numbermarch.app/numbermarch";
			};
			name = Debug;
		};
		D8603866282F403600781EA5 /* Release */ = {
			isa = XCBuildConfiguration;
			buildSettings = {
				ALWAYS_EMBED_SWIFT_STANDARD_LIBRARIES = YES;
				BUNDLE_LOADER = "$(TEST_HOST)";
				CODE_SIGN_STYLE = Automatic;
				CURRENT_PROJECT_VERSION = 1;
				DEVELOPMENT_TEAM = 2DTZ6ESMX9;
				GENERATE_INFOPLIST_FILE = YES;
				IPHONEOS_DEPLOYMENT_TARGET = 15.4;
				MARKETING_VERSION = 1.0;
				PRODUCT_BUNDLE_IDENTIFIER = andrewtokeley.numbermarchTests;
				PRODUCT_NAME = "$(TARGET_NAME)";
				SWIFT_EMIT_LOC_STRINGS = NO;
				SWIFT_VERSION = 5.0;
				TARGETED_DEVICE_FAMILY = "1,2";
				TEST_HOST = "$(BUILT_PRODUCTS_DIR)/numbermarch.app/numbermarch";
			};
			name = Release;
		};
		D8603868282F403600781EA5 /* Debug */ = {
			isa = XCBuildConfiguration;
			buildSettings = {
				ALWAYS_EMBED_SWIFT_STANDARD_LIBRARIES = YES;
				CODE_SIGN_STYLE = Automatic;
				CURRENT_PROJECT_VERSION = 1;
				DEVELOPMENT_TEAM = 2DTZ6ESMX9;
				GENERATE_INFOPLIST_FILE = YES;
				MARKETING_VERSION = 1.0;
				PRODUCT_BUNDLE_IDENTIFIER = andrewtokeley.numbermarchUITests;
				PRODUCT_NAME = "$(TARGET_NAME)";
				SWIFT_EMIT_LOC_STRINGS = NO;
				SWIFT_VERSION = 5.0;
				TARGETED_DEVICE_FAMILY = "1,2";
				TEST_TARGET_NAME = numbermarch;
			};
			name = Debug;
		};
		D8603869282F403600781EA5 /* Release */ = {
			isa = XCBuildConfiguration;
			buildSettings = {
				ALWAYS_EMBED_SWIFT_STANDARD_LIBRARIES = YES;
				CODE_SIGN_STYLE = Automatic;
				CURRENT_PROJECT_VERSION = 1;
				DEVELOPMENT_TEAM = 2DTZ6ESMX9;
				GENERATE_INFOPLIST_FILE = YES;
				MARKETING_VERSION = 1.0;
				PRODUCT_BUNDLE_IDENTIFIER = andrewtokeley.numbermarchUITests;
				PRODUCT_NAME = "$(TARGET_NAME)";
				SWIFT_EMIT_LOC_STRINGS = NO;
				SWIFT_VERSION = 5.0;
				TARGETED_DEVICE_FAMILY = "1,2";
				TEST_TARGET_NAME = numbermarch;
			};
			name = Release;
		};
/* End XCBuildConfiguration section */

/* Begin XCConfigurationList section */
		D8603832282F403500781EA5 /* Build configuration list for PBXProject "numbermarch" */ = {
			isa = XCConfigurationList;
			buildConfigurations = (
				D860385F282F403600781EA5 /* Debug */,
				D8603860282F403600781EA5 /* Release */,
			);
			defaultConfigurationIsVisible = 0;
			defaultConfigurationName = Release;
		};
		D8603861282F403600781EA5 /* Build configuration list for PBXNativeTarget "numbermarch" */ = {
			isa = XCConfigurationList;
			buildConfigurations = (
				D8603862282F403600781EA5 /* Debug */,
				D8603863282F403600781EA5 /* Release */,
			);
			defaultConfigurationIsVisible = 0;
			defaultConfigurationName = Release;
		};
		D8603864282F403600781EA5 /* Build configuration list for PBXNativeTarget "numbermarchTests" */ = {
			isa = XCConfigurationList;
			buildConfigurations = (
				D8603865282F403600781EA5 /* Debug */,
				D8603866282F403600781EA5 /* Release */,
			);
			defaultConfigurationIsVisible = 0;
			defaultConfigurationName = Release;
		};
		D8603867282F403600781EA5 /* Build configuration list for PBXNativeTarget "numbermarchUITests" */ = {
			isa = XCConfigurationList;
			buildConfigurations = (
				D8603868282F403600781EA5 /* Debug */,
				D8603869282F403600781EA5 /* Release */,
			);
			defaultConfigurationIsVisible = 0;
			defaultConfigurationName = Release;
		};
/* End XCConfigurationList section */
	};
	rootObject = D860382F282F403500781EA5 /* Project object */;
}
